// !$*UTF8*$!
{
	archiveVersion = 1;
	classes = {
	};
	objectVersion = 46;
	objects = {

/* Begin PBXBuildFile section */
		FACD83701FF90C5F004739B0 /* AppDelegate.swift in Sources */ = {isa = PBXBuildFile; fileRef = FACD836F1FF90C5F004739B0 /* AppDelegate.swift */; };
		FACD83721FF90C5F004739B0 /* ViewController.swift in Sources */ = {isa = PBXBuildFile; fileRef = FACD83711FF90C5F004739B0 /* ViewController.swift */; };
		FACD83751FF90C5F004739B0 /* Main.storyboard in Resources */ = {isa = PBXBuildFile; fileRef = FACD83731FF90C5F004739B0 /* Main.storyboard */; };
		FACD83771FF90C5F004739B0 /* Assets.xcassets in Resources */ = {isa = PBXBuildFile; fileRef = FACD83761FF90C5F004739B0 /* Assets.xcassets */; };
		FACD837A1FF90C5F004739B0 /* LaunchScreen.storyboard in Resources */ = {isa = PBXBuildFile; fileRef = FACD83781FF90C5F004739B0 /* LaunchScreen.storyboard */; };
/* End PBXBuildFile section */

/* Begin PBXFileReference section */
		FACD836C1FF90C5F004739B0 /* TextDraw.app */ = {isa = PBXFileReference; explicitFileType = wrapper.application; includeInIndex = 0; path = TextDraw.app; sourceTree = BUILT_PRODUCTS_DIR; };
		FACD836F1FF90C5F004739B0 /* AppDelegate.swift */ = {isa = PBXFileReference; lastKnownFileType = sourcecode.swift; path = AppDelegate.swift; sourceTree = "<group>"; };
		FACD83711FF90C5F004739B0 /* ViewController.swift */ = {isa = PBXFileReference; lastKnownFileType = sourcecode.swift; path = ViewController.swift; sourceTree = "<group>"; };
		FACD83741FF90C5F004739B0 /* Base */ = {isa = PBXFileReference; lastKnownFileType = file.storyboard; name = Base; path = Base.lproj/Main.storyboard; sourceTree = "<group>"; };
		FACD83761FF90C5F004739B0 /* Assets.xcassets */ = {isa = PBXFileReference; lastKnownFileType = folder.assetcatalog; path = Assets.xcassets; sourceTree = "<group>"; };
		FACD83791FF90C5F004739B0 /* Base */ = {isa = PBXFileReference; lastKnownFileType = file.storyboard; name = Base; path = Base.lproj/LaunchScreen.storyboard; sourceTree = "<group>"; };
		FACD837B1FF90C5F004739B0 /* Info.plist */ = {isa = PBXFileReference; lastKnownFileType = text.plist.xml; path = Info.plist; sourceTree = "<group>"; };
/* End PBXFileReference section */

/* Begin PBXFrameworksBuildPhase section */
		FACD83691FF90C5F004739B0 /* Frameworks */ = {
			isa = PBXFrameworksBuildPhase;
			buildActionMask = 2147483647;
			files = (
			);
			runOnlyForDeploymentPostprocessing = 0;
		};
/* End PBXFrameworksBuildPhase section */

/* Begin PBXGroup section */
		FACD83631FF90C5F004739B0 = {
			isa = PBXGroup;
			children = (
				FACD836E1FF90C5F004739B0 /* TextDraw */,
				FACD836D1FF90C5F004739B0 /* Products */,
			);
			sourceTree = "<group>";
		};
		FACD836D1FF90C5F004739B0 /* Products */ = {
			isa = PBXGroup;
			children = (
				FACD836C1FF90C5F004739B0 /* TextDraw.app */,
			);
			name = Products;
			sourceTree = "<group>";
		};
		FACD836E1FF90C5F004739B0 /* TextDraw */ = {
			isa = PBXGroup;
			children = (
				FACD836F1FF90C5F004739B0 /* AppDelegate.swift */,
				FACD83711FF90C5F004739B0 /* ViewController.swift */,
				FACD83731FF90C5F004739B0 /* Main.storyboard */,
				FACD83761FF90C5F004739B0 /* Assets.xcassets */,
				FACD83781FF90C5F004739B0 /* LaunchScreen.storyboard */,
				FACD837B1FF90C5F004739B0 /* Info.plist */,
			);
			path = TextDraw;
			sourceTree = "<group>";
		};
/* End PBXGroup section */

/* Begin PBXNativeTarget section */
		FACD836B1FF90C5F004739B0 /* TextDraw */ = {
			isa = PBXNativeTarget;
			buildConfigurationList = FACD837E1FF90C5F004739B0 /* Build configuration list for PBXNativeTarget "TextDraw" */;
			buildPhases = (
				FACD83681FF90C5F004739B0 /* Sources */,
				FACD83691FF90C5F004739B0 /* Frameworks */,
				FACD836A1FF90C5F004739B0 /* Resources */,
			);
			buildRules = (
			);
			dependencies = (
			);
			name = TextDraw;
			productName = TextDraw;
			productReference = FACD836C1FF90C5F004739B0 /* TextDraw.app */;
			productType = "com.apple.product-type.application";
		};
/* End PBXNativeTarget section */

/* Begin PBXProject section */
		FACD83641FF90C5F004739B0 /* Project object */ = {
			isa = PBXProject;
			attributes = {
				LastSwiftUpdateCheck = 0820;
				LastUpgradeCheck = 0820;
				ORGANIZATIONNAME = "Alex Voronov";
				TargetAttributes = {
					FACD836B1FF90C5F004739B0 = {
						CreatedOnToolsVersion = 8.2.1;
						DevelopmentTeam = GHALJQTKL9;
						ProvisioningStyle = Automatic;
					};
				};
			};
			buildConfigurationList = FACD83671FF90C5F004739B0 /* Build configuration list for PBXProject "TextDraw" */;
			compatibilityVersion = "Xcode 3.2";
			developmentRegion = English;
			hasScannedForEncodings = 0;
			knownRegions = (
				en,
				Base,
			);
			mainGroup = FACD83631FF90C5F004739B0;
			productRefGroup = FACD836D1FF90C5F004739B0 /* Products */;
			projectDirPath = "";
			projectRoot = "";
			targets = (
				FACD836B1FF90C5F004739B0 /* TextDraw */,
			);
		};
/* End PBXProject section */

/* Begin PBXResourcesBuildPhase section */
		FACD836A1FF90C5F004739B0 /* Resources */ = {
			isa = PBXResourcesBuildPhase;
			buildActionMask = 2147483647;
			files = (
				FACD837A1FF90C5F004739B0 /* LaunchScreen.storyboard in Resources */,
				FACD83771FF90C5F004739B0 /* Assets.xcassets in Resources */,
				FACD83751FF90C5F004739B0 /* Main.storyboard in Resources */,
			);
			runOnlyForDeploymentPostprocessing = 0;
		};
/* End PBXResourcesBuildPhase section */

/* Begin PBXSourcesBuildPhase section */
		FACD83681FF90C5F004739B0 /* Sources */ = {
			isa = PBXSourcesBuildPhase;
			buildActionMask = 2147483647;
			files = (
				FACD83721FF90C5F004739B0 /* ViewController.swift in Sources */,
				FACD83701FF90C5F004739B0 /* AppDelegate.swift in Sources */,
			);
			runOnlyForDeploymentPostprocessing = 0;
		};
/* End PBXSourcesBuildPhase section */

/* Begin PBXVariantGroup section */
		FACD83731FF90C5F004739B0 /* Main.storyboard */ = {
			isa = PBXVariantGroup;
			children = (
				FACD83741FF90C5F004739B0 /* Base */,
			);
			name = Main.storyboard;
			sourceTree = "<group>";
		};
		FACD83781FF90C5F004739B0 /* LaunchScreen.storyboard */ = {
			isa = PBXVariantGroup;
			children = (
				FACD83791FF90C5F004739B0 /* Base */,
			);
			name = LaunchScreen.storyboard;
			sourceTree = "<group>";
		};
/* End PBXVariantGroup section */

/* Begin XCBuildConfiguration section */
		FACD837C1FF90C5F004739B0 /* Debug */ = {
			isa = XCBuildConfiguration;
			buildSettings = {
				ALWAYS_SEARCH_USER_PATHS = NO;
				CLANG_ANALYZER_NONNULL = YES;
				CLANG_CXX_LANGUAGE_STANDARD = "gnu++0x";
				CLANG_CXX_LIBRARY = "libc++";
				CLANG_ENABLE_MODULES = YES;
				CLANG_ENABLE_OBJC_ARC = YES;
				CLANG_WARN_BOOL_CONVERSION = YES;
				CLANG_WARN_CONSTANT_CONVERSION = YES;
				CLANG_WARN_DIRECT_OBJC_ISA_USAGE = YES_ERROR;
				CLANG_WARN_DOCUMENTATION_COMMENTS = YES;
				CLANG_WARN_EMPTY_BODY = YES;
				CLANG_WARN_ENUM_CONVERSION = YES;
				CLANG_WARN_INFINITE_RECURSION = YES;
				CLANG_WARN_INT_CONVERSION = YES;
				CLANG_WARN_OBJC_ROOT_CLASS = YES_ERROR;
				CLANG_WARN_SUSPICIOUS_MOVE = YES;
				CLANG_WARN_UNREACHABLE_CODE = YES;
				CLANG_WARN__DUPLICATE_METHOD_MATCH = YES;
				"CODE_SIGN_IDENTITY[sdk=iphoneos*]" = "iPhone Developer";
				COPY_PHASE_STRIP = NO;
				DEBUG_INFORMATION_FORMAT = dwarf;
				ENABLE_STRICT_OBJC_MSGSEND = YES;
				ENABLE_TESTABILITY = YES;
				GCC_C_LANGUAGE_STANDARD = gnu99;
				GCC_DYNAMIC_NO_PIC = NO;
				GCC_NO_COMMON_BLOCKS = YES;
				GCC_OPTIMIZATION_LEVEL = 0;
				GCC_PREPROCESSOR_DEFINITIONS = (
					"DEBUG=1",
					"$(inherited)",
				);
				GCC_WARN_64_TO_32_BIT_CONVERSION = YES;
				GCC_WARN_ABOUT_RETURN_TYPE = YES_ERROR;
				GCC_WARN_UNDECLARED_SELECTOR = YES;
				GCC_WARN_UNINITIALIZED_AUTOS = YES_AGGRESSIVE;
				GCC_WARN_UNUSED_FUNCTION = YES;
				GCC_WARN_UNUSED_VARIABLE = YES;
				IPHONEOS_DEPLOYMENT_TARGET = 10.2;
				MTL_ENABLE_DEBUG_INFO = YES;
				ONLY_ACTIVE_ARCH = YES;
				SDKROOT = iphoneos;
				SWIFT_ACTIVE_COMPILATION_CONDITIONS = DEBUG;
				SWIFT_OPTIMIZATION_LEVEL = "-Onone";
				TARGETED_DEVICE_FAMILY = "1,2";
			};
			name = Debug;
		};
		FACD837D1FF90C5F004739B0 /* Release */ = {
			isa = XCBuildConfiguration;
			buildSettings = {
				ALWAYS_SEARCH_USER_PATHS = NO;
				CLANG_ANALYZER_NONNULL = YES;
				CLANG_CXX_LANGUAGE_STANDARD = "gnu++0x";
				CLANG_CXX_LIBRARY = "libc++";
				CLANG_ENABLE_MODULES = YES;
				CLANG_ENABLE_OBJC_ARC = YES;
				CLANG_WARN_BOOL_CONVERSION = YES;
				CLANG_WARN_CONSTANT_CONVERSION = YES;
				CLANG_WARN_DIRECT_OBJC_ISA_USAGE = YES_ERROR;
				CLANG_WARN_DOCUMENTATION_COMMENTS = YES;
				CLANG_WARN_EMPTY_BODY = YES;
				CLANG_WARN_ENUM_CONVERSION = YES;
				CLANG_WARN_INFINITE_RECURSION = YES;
				CLANG_WARN_INT_CONVERSION = YES;
				CLANG_WARN_OBJC_ROOT_CLASS = YES_ERROR;
				CLANG_WARN_SUSPICIOUS_MOVE = YES;
				CLANG_WARN_UNREACHABLE_CODE = YES;
				CLANG_WARN__DUPLICATE_METHOD_MATCH = YES;
				"CODE_SIGN_IDENTITY[sdk=iphoneos*]" = "iPhone Developer";
				COPY_PHASE_STRIP = NO;
				DEBUG_INFORMATION_FORMAT = "dwarf-with-dsym";
				ENABLE_NS_ASSERTIONS = NO;
				ENABLE_STRICT_OBJC_MSGSEND = YES;
				GCC_C_LANGUAGE_STANDARD = gnu99;
				GCC_NO_COMMON_BLOCKS = YES;
				GCC_WARN_64_TO_32_BIT_CONVERSION = YES;
				GCC_WARN_ABOUT_RETURN_TYPE = YES_ERROR;
				GCC_WARN_UNDECLARED_SELECTOR = YES;
				GCC_WARN_UNINITIALIZED_AUTOS = YES_AGGRESSIVE;
				GCC_WARN_UNUSED_FUNCTION = YES;
				GCC_WARN_UNUSED_VARIABLE = YES;
				IPHONEOS_DEPLOYMENT_TARGET = 10.2;
				MTL_ENABLE_DEBUG_INFO = NO;
				SDKROOT = iphoneos;
				SWIFT_OPTIMIZATION_LEVEL = "-Owholemodule";
				TARGETED_DEVICE_FAMILY = "1,2";
				VALIDATE_PRODUCT = YES;
			};
			name = Release;
		};
		FACD837F1FF90C5F004739B0 /* Debug */ = {
			isa = XCBuildConfiguration;
			buildSettings = {
				ASSETCATALOG_COMPILER_APPICON_NAME = AppIcon;
				DEVELOPMENT_TEAM = GHALJQTKL9;
				INFOPLIST_FILE = TextDraw/Info.plist;
				LD_RUNPATH_SEARCH_PATHS = "$(inherited) @executable_path/Frameworks";
				PRODUCT_BUNDLE_IDENTIFIER = AlexV.TextDraw;
				PRODUCT_NAME = "$(TARGET_NAME)";
				SWIFT_VERSION = 3.0;
			};
			name = Debug;
		};
		FACD83801FF90C5F004739B0 /* Release */ = {
			isa = XCBuildConfiguration;
			buildSettings = {
				ASSETCATALOG_COMPILER_APPICON_NAME = AppIcon;
				DEVELOPMENT_TEAM = GHALJQTKL9;
				INFOPLIST_FILE = TextDraw/Info.plist;
				LD_RUNPATH_SEARCH_PATHS = "$(inherited) @executable_path/Frameworks";
				PRODUCT_BUNDLE_IDENTIFIER = AlexV.TextDraw;
				PRODUCT_NAME = "$(TARGET_NAME)";
				SWIFT_VERSION = 3.0;
			};
			name = Release;
		};
/* End XCBuildConfiguration section */

/* Begin XCConfigurationList section */
		FACD83671FF90C5F004739B0 /* Build configuration list for PBXProject "TextDraw" */ = {
			isa = XCConfigurationList;
			buildConfigurations = (
				FACD837C1FF90C5F004739B0 /* Debug */,
				FACD837D1FF90C5F004739B0 /* Release */,
			);
			defaultConfigurationIsVisible = 0;
			defaultConfigurationName = Release;
		};
		FACD837E1FF90C5F004739B0 /* Build configuration list for PBXNativeTarget "TextDraw" */ = {
			isa = XCConfigurationList;
			buildConfigurations = (
				FACD837F1FF90C5F004739B0 /* Debug */,
				FACD83801FF90C5F004739B0 /* Release */,
			);
			defaultConfigurationIsVisible = 0;
		};
/* End XCConfigurationList section */
	};
	rootObject = FACD83641FF90C5F004739B0 /* Project object */;
}
