// !$*UTF8*$!
{
	archiveVersion = 1;
	classes = {
	};
	objectVersion = 46;
	objects = {

/* Begin PBXBuildFile section */
		FAA12FF42083950200620097 /* AppDelegate.swift in Sources */ = {isa = PBXBuildFile; fileRef = FAA12FF32083950200620097 /* AppDelegate.swift */; };
		FAA12FF62083950200620097 /* DesktopViewController.swift in Sources */ = {isa = PBXBuildFile; fileRef = FAA12FF52083950200620097 /* DesktopViewController.swift */; };
		FAA12FF92083950200620097 /* Main.storyboard in Resources */ = {isa = PBXBuildFile; fileRef = FAA12FF72083950200620097 /* Main.storyboard */; };
		FAA12FFB2083950200620097 /* Assets.xcassets in Resources */ = {isa = PBXBuildFile; fileRef = FAA12FFA2083950200620097 /* Assets.xcassets */; };
		FAA12FFE2083950200620097 /* LaunchScreen.storyboard in Resources */ = {isa = PBXBuildFile; fileRef = FAA12FFC2083950200620097 /* LaunchScreen.storyboard */; };
		FAA1300A2083E58B00620097 /* GestureManager.swift in Sources */ = {isa = PBXBuildFile; fileRef = FAA130092083E58B00620097 /* GestureManager.swift */; };
/* End PBXBuildFile section */

/* Begin PBXFileReference section */
		FAA12FF02083950200620097 /* VoronovTestTask.app */ = {isa = PBXFileReference; explicitFileType = wrapper.application; includeInIndex = 0; path = VoronovTestTask.app; sourceTree = BUILT_PRODUCTS_DIR; };
		FAA12FF32083950200620097 /* AppDelegate.swift */ = {isa = PBXFileReference; lastKnownFileType = sourcecode.swift; path = AppDelegate.swift; sourceTree = "<group>"; };
		FAA12FF52083950200620097 /* DesktopViewController.swift */ = {isa = PBXFileReference; lastKnownFileType = sourcecode.swift; path = DesktopViewController.swift; sourceTree = "<group>"; };
		FAA12FF82083950200620097 /* Base */ = {isa = PBXFileReference; lastKnownFileType = file.storyboard; name = Base; path = Base.lproj/Main.storyboard; sourceTree = "<group>"; };
		FAA12FFA2083950200620097 /* Assets.xcassets */ = {isa = PBXFileReference; lastKnownFileType = folder.assetcatalog; path = Assets.xcassets; sourceTree = "<group>"; };
		FAA12FFD2083950200620097 /* Base */ = {isa = PBXFileReference; lastKnownFileType = file.storyboard; name = Base; path = Base.lproj/LaunchScreen.storyboard; sourceTree = "<group>"; };
		FAA12FFF2083950200620097 /* Info.plist */ = {isa = PBXFileReference; lastKnownFileType = text.plist.xml; path = Info.plist; sourceTree = "<group>"; };
		FAA130092083E58B00620097 /* GestureManager.swift */ = {isa = PBXFileReference; fileEncoding = 4; lastKnownFileType = sourcecode.swift; path = GestureManager.swift; sourceTree = "<group>"; };
/* End PBXFileReference section */

/* Begin PBXFrameworksBuildPhase section */
		FAA12FED2083950100620097 /* Frameworks */ = {
			isa = PBXFrameworksBuildPhase;
			buildActionMask = 2147483647;
			files = (
			);
			runOnlyForDeploymentPostprocessing = 0;
		};
/* End PBXFrameworksBuildPhase section */

/* Begin PBXGroup section */
		FAA12FE72083950100620097 = {
			isa = PBXGroup;
			children = (
				FAA12FF22083950200620097 /* VoronovTestTask */,
				FAA12FF12083950200620097 /* Products */,
			);
			sourceTree = "<group>";
		};
		FAA12FF12083950200620097 /* Products */ = {
			isa = PBXGroup;
			children = (
				FAA12FF02083950200620097 /* VoronovTestTask.app */,
			);
			name = Products;
			sourceTree = "<group>";
		};
		FAA12FF22083950200620097 /* VoronovTestTask */ = {
			isa = PBXGroup;
			children = (
				FAA130062083956600620097 /* Models */,
				FAA130072083956F00620097 /* Views */,
				FAA130052083955400620097 /* ViewControllers */,
				FAA130082083958C00620097 /* Support */,
			);
			path = VoronovTestTask;
			sourceTree = "<group>";
		};
		FAA130052083955400620097 /* ViewControllers */ = {
			isa = PBXGroup;
			children = (
				FAA130092083E58B00620097 /* GestureManager.swift */,
				FAA12FF52083950200620097 /* DesktopViewController.swift */,
			);
			name = ViewControllers;
			sourceTree = "<group>";
		};
		FAA130062083956600620097 /* Models */ = {
			isa = PBXGroup;
			children = (
			);
			name = Models;
			sourceTree = "<group>";
		};
		FAA130072083956F00620097 /* Views */ = {
			isa = PBXGroup;
			children = (
				FAA12FF72083950200620097 /* Main.storyboard */,
				FAA12FFC2083950200620097 /* LaunchScreen.storyboard */,
			);
			name = Views;
			sourceTree = "<group>";
		};
		FAA130082083958C00620097 /* Support */ = {
			isa = PBXGroup;
			children = (
				FAA12FF32083950200620097 /* AppDelegate.swift */,
				FAA12FFA2083950200620097 /* Assets.xcassets */,
				FAA12FFF2083950200620097 /* Info.plist */,
			);
			name = Support;
			sourceTree = "<group>";
		};
/* End PBXGroup section */

/* Begin PBXNativeTarget section */
		FAA12FEF2083950100620097 /* VoronovTestTask */ = {
			isa = PBXNativeTarget;
			buildConfigurationList = FAA130022083950200620097 /* Build configuration list for PBXNativeTarget "VoronovTestTask" */;
			buildPhases = (
				FAA12FEC2083950100620097 /* Sources */,
				FAA12FED2083950100620097 /* Frameworks */,
				FAA12FEE2083950100620097 /* Resources */,
			);
			buildRules = (
			);
			dependencies = (
			);
			name = VoronovTestTask;
			productName = VoronovTestTask;
			productReference = FAA12FF02083950200620097 /* VoronovTestTask.app */;
			productType = "com.apple.product-type.application";
		};
/* End PBXNativeTarget section */

/* Begin PBXProject section */
		FAA12FE82083950100620097 /* Project object */ = {
			isa = PBXProject;
			attributes = {
				LastSwiftUpdateCheck = 0820;
				LastUpgradeCheck = 0820;
				ORGANIZATIONNAME = "Alex Voronov";
				TargetAttributes = {
					FAA12FEF2083950100620097 = {
						CreatedOnToolsVersion = 8.2.1;
						DevelopmentTeam = GHALJQTKL9;
						ProvisioningStyle = Automatic;
					};
				};
			};
			buildConfigurationList = FAA12FEB2083950100620097 /* Build configuration list for PBXProject "VoronovTestTask" */;
			compatibilityVersion = "Xcode 3.2";
			developmentRegion = English;
			hasScannedForEncodings = 0;
			knownRegions = (
				en,
				Base,
			);
			mainGroup = FAA12FE72083950100620097;
			productRefGroup = FAA12FF12083950200620097 /* Products */;
			projectDirPath = "";
			projectRoot = "";
			targets = (
				FAA12FEF2083950100620097 /* VoronovTestTask */,
			);
		};
/* End PBXProject section */

/* Begin PBXResourcesBuildPhase section */
		FAA12FEE2083950100620097 /* Resources */ = {
			isa = PBXResourcesBuildPhase;
			buildActionMask = 2147483647;
			files = (
				FAA12FFE2083950200620097 /* LaunchScreen.storyboard in Resources */,
				FAA12FFB2083950200620097 /* Assets.xcassets in Resources */,
				FAA12FF92083950200620097 /* Main.storyboard in Resources */,
			);
			runOnlyForDeploymentPostprocessing = 0;
		};
/* End PBXResourcesBuildPhase section */

/* Begin PBXSourcesBuildPhase section */
		FAA12FEC2083950100620097 /* Sources */ = {
			isa = PBXSourcesBuildPhase;
			buildActionMask = 2147483647;
			files = (
				FAA12FF62083950200620097 /* DesktopViewController.swift in Sources */,
				FAA1300A2083E58B00620097 /* GestureManager.swift in Sources */,
				FAA12FF42083950200620097 /* AppDelegate.swift in Sources */,
			);
			runOnlyForDeploymentPostprocessing = 0;
		};
/* End PBXSourcesBuildPhase section */

/* Begin PBXVariantGroup section */
		FAA12FF72083950200620097 /* Main.storyboard */ = {
			isa = PBXVariantGroup;
			children = (
				FAA12FF82083950200620097 /* Base */,
			);
			name = Main.storyboard;
			sourceTree = "<group>";
		};
		FAA12FFC2083950200620097 /* LaunchScreen.storyboard */ = {
			isa = PBXVariantGroup;
			children = (
				FAA12FFD2083950200620097 /* Base */,
			);
			name = LaunchScreen.storyboard;
			sourceTree = "<group>";
		};
/* End PBXVariantGroup section */

/* Begin XCBuildConfiguration section */
		FAA130002083950200620097 /* Debug */ = {
			isa = XCBuildConfiguration;
			buildSettings = {
				ALWAYS_SEARCH_USER_PATHS = NO;
				CLANG_ANALYZER_NONNULL = YES;
				CLANG_CXX_LANGUAGE_STANDARD = "gnu++0x";
				CLANG_CXX_LIBRARY = "libc++";
				CLANG_ENABLE_MODULES = YES;
				CLANG_ENABLE_OBJC_ARC = YES;
				CLANG_WARN_BOOL_CONVERSION = YES;
				CLANG_WARN_CONSTANT_CONVERSION = YES;
				CLANG_WARN_DIRECT_OBJC_ISA_USAGE = YES_ERROR;
				CLANG_WARN_DOCUMENTATION_COMMENTS = YES;
				CLANG_WARN_EMPTY_BODY = YES;
				CLANG_WARN_ENUM_CONVERSION = YES;
				CLANG_WARN_INFINITE_RECURSION = YES;
				CLANG_WARN_INT_CONVERSION = YES;
				CLANG_WARN_OBJC_ROOT_CLASS = YES_ERROR;
				CLANG_WARN_SUSPICIOUS_MOVE = YES;
				CLANG_WARN_UNREACHABLE_CODE = YES;
				CLANG_WARN__DUPLICATE_METHOD_MATCH = YES;
				"CODE_SIGN_IDENTITY[sdk=iphoneos*]" = "iPhone Developer";
				COPY_PHASE_STRIP = NO;
				DEBUG_INFORMATION_FORMAT = dwarf;
				ENABLE_STRICT_OBJC_MSGSEND = YES;
				ENABLE_TESTABILITY = YES;
				GCC_C_LANGUAGE_STANDARD = gnu99;
				GCC_DYNAMIC_NO_PIC = NO;
				GCC_NO_COMMON_BLOCKS = YES;
				GCC_OPTIMIZATION_LEVEL = 0;
				GCC_PREPROCESSOR_DEFINITIONS = (
					"DEBUG=1",
					"$(inherited)",
				);
				GCC_WARN_64_TO_32_BIT_CONVERSION = YES;
				GCC_WARN_ABOUT_RETURN_TYPE = YES_ERROR;
				GCC_WARN_UNDECLARED_SELECTOR = YES;
				GCC_WARN_UNINITIALIZED_AUTOS = YES_AGGRESSIVE;
				GCC_WARN_UNUSED_FUNCTION = YES;
				GCC_WARN_UNUSED_VARIABLE = YES;
				IPHONEOS_DEPLOYMENT_TARGET = 10.2;
				MTL_ENABLE_DEBUG_INFO = YES;
				ONLY_ACTIVE_ARCH = YES;
				SDKROOT = iphoneos;
				SWIFT_ACTIVE_COMPILATION_CONDITIONS = DEBUG;
				SWIFT_OPTIMIZATION_LEVEL = "-Onone";
				TARGETED_DEVICE_FAMILY = "1,2";
			};
			name = Debug;
		};
		FAA130012083950200620097 /* Release */ = {
			isa = XCBuildConfiguration;
			buildSettings = {
				ALWAYS_SEARCH_USER_PATHS = NO;
				CLANG_ANALYZER_NONNULL = YES;
				CLANG_CXX_LANGUAGE_STANDARD = "gnu++0x";
				CLANG_CXX_LIBRARY = "libc++";
				CLANG_ENABLE_MODULES = YES;
				CLANG_ENABLE_OBJC_ARC = YES;
				CLANG_WARN_BOOL_CONVERSION = YES;
				CLANG_WARN_CONSTANT_CONVERSION = YES;
				CLANG_WARN_DIRECT_OBJC_ISA_USAGE = YES_ERROR;
				CLANG_WARN_DOCUMENTATION_COMMENTS = YES;
				CLANG_WARN_EMPTY_BODY = YES;
				CLANG_WARN_ENUM_CONVERSION = YES;
				CLANG_WARN_INFINITE_RECURSION = YES;
				CLANG_WARN_INT_CONVERSION = YES;
				CLANG_WARN_OBJC_ROOT_CLASS = YES_ERROR;
				CLANG_WARN_SUSPICIOUS_MOVE = YES;
				CLANG_WARN_UNREACHABLE_CODE = YES;
				CLANG_WARN__DUPLICATE_METHOD_MATCH = YES;
				"CODE_SIGN_IDENTITY[sdk=iphoneos*]" = "iPhone Developer";
				COPY_PHASE_STRIP = NO;
				DEBUG_INFORMATION_FORMAT = "dwarf-with-dsym";
				ENABLE_NS_ASSERTIONS = NO;
				ENABLE_STRICT_OBJC_MSGSEND = YES;
				GCC_C_LANGUAGE_STANDARD = gnu99;
				GCC_NO_COMMON_BLOCKS = YES;
				GCC_WARN_64_TO_32_BIT_CONVERSION = YES;
				GCC_WARN_ABOUT_RETURN_TYPE = YES_ERROR;
				GCC_WARN_UNDECLARED_SELECTOR = YES;
				GCC_WARN_UNINITIALIZED_AUTOS = YES_AGGRESSIVE;
				GCC_WARN_UNUSED_FUNCTION = YES;
				GCC_WARN_UNUSED_VARIABLE = YES;
				IPHONEOS_DEPLOYMENT_TARGET = 10.2;
				MTL_ENABLE_DEBUG_INFO = NO;
				SDKROOT = iphoneos;
				SWIFT_OPTIMIZATION_LEVEL = "-Owholemodule";
				TARGETED_DEVICE_FAMILY = "1,2";
				VALIDATE_PRODUCT = YES;
			};
			name = Release;
		};
		FAA130032083950200620097 /* Debug */ = {
			isa = XCBuildConfiguration;
			buildSettings = {
				ASSETCATALOG_COMPILER_APPICON_NAME = AppIcon;
				DEVELOPMENT_TEAM = GHALJQTKL9;
				INFOPLIST_FILE = VoronovTestTask/Info.plist;
				LD_RUNPATH_SEARCH_PATHS = "$(inherited) @executable_path/Frameworks";
				PRODUCT_BUNDLE_IDENTIFIER = AlexV.VoronovTestTask;
				PRODUCT_NAME = "$(TARGET_NAME)";
				SWIFT_VERSION = 3.0;
			};
			name = Debug;
		};
		FAA130042083950200620097 /* Release */ = {
			isa = XCBuildConfiguration;
			buildSettings = {
				ASSETCATALOG_COMPILER_APPICON_NAME = AppIcon;
				DEVELOPMENT_TEAM = GHALJQTKL9;
				INFOPLIST_FILE = VoronovTestTask/Info.plist;
				LD_RUNPATH_SEARCH_PATHS = "$(inherited) @executable_path/Frameworks";
				PRODUCT_BUNDLE_IDENTIFIER = AlexV.VoronovTestTask;
				PRODUCT_NAME = "$(TARGET_NAME)";
				SWIFT_VERSION = 3.0;
			};
			name = Release;
		};
/* End XCBuildConfiguration section */

/* Begin XCConfigurationList section */
		FAA12FEB2083950100620097 /* Build configuration list for PBXProject "VoronovTestTask" */ = {
			isa = XCConfigurationList;
			buildConfigurations = (
				FAA130002083950200620097 /* Debug */,
				FAA130012083950200620097 /* Release */,
			);
			defaultConfigurationIsVisible = 0;
			defaultConfigurationName = Release;
		};
		FAA130022083950200620097 /* Build configuration list for PBXNativeTarget "VoronovTestTask" */ = {
			isa = XCConfigurationList;
			buildConfigurations = (
				FAA130032083950200620097 /* Debug */,
				FAA130042083950200620097 /* Release */,
			);
			defaultConfigurationIsVisible = 0;
		};
/* End XCConfigurationList section */
	};
	rootObject = FAA12FE82083950100620097 /* Project object */;
}
