// !$*UTF8*$!
{
	archiveVersion = 1;
	classes = {
	};
	objectVersion = 46;
	objects = {

/* Begin PBXBuildFile section */
		FA86635D1FC5D1CF00B24444 /* AppDelegate.swift in Sources */ = {isa = PBXBuildFile; fileRef = FA86635C1FC5D1CF00B24444 /* AppDelegate.swift */; };
		FA86635F1FC5D1CF00B24444 /* ViewController.swift in Sources */ = {isa = PBXBuildFile; fileRef = FA86635E1FC5D1CF00B24444 /* ViewController.swift */; };
		FA8663621FC5D1CF00B24444 /* Main.storyboard in Resources */ = {isa = PBXBuildFile; fileRef = FA8663601FC5D1CF00B24444 /* Main.storyboard */; };
		FA8663641FC5D1CF00B24444 /* Assets.xcassets in Resources */ = {isa = PBXBuildFile; fileRef = FA8663631FC5D1CF00B24444 /* Assets.xcassets */; };
		FA8663671FC5D1CF00B24444 /* LaunchScreen.storyboard in Resources */ = {isa = PBXBuildFile; fileRef = FA8663651FC5D1CF00B24444 /* LaunchScreen.storyboard */; };
		FA86636F1FC5D2EB00B24444 /* Button.swift in Sources */ = {isa = PBXBuildFile; fileRef = FA86636E1FC5D2EB00B24444 /* Button.swift */; };
/* End PBXBuildFile section */

/* Begin PBXFileReference section */
		FA8663591FC5D1CF00B24444 /* DesignableButton.app */ = {isa = PBXFileReference; explicitFileType = wrapper.application; includeInIndex = 0; path = DesignableButton.app; sourceTree = BUILT_PRODUCTS_DIR; };
		FA86635C1FC5D1CF00B24444 /* AppDelegate.swift */ = {isa = PBXFileReference; lastKnownFileType = sourcecode.swift; path = AppDelegate.swift; sourceTree = "<group>"; };
		FA86635E1FC5D1CF00B24444 /* ViewController.swift */ = {isa = PBXFileReference; lastKnownFileType = sourcecode.swift; path = ViewController.swift; sourceTree = "<group>"; };
		FA8663611FC5D1CF00B24444 /* Base */ = {isa = PBXFileReference; lastKnownFileType = file.storyboard; name = Base; path = Base.lproj/Main.storyboard; sourceTree = "<group>"; };
		FA8663631FC5D1CF00B24444 /* Assets.xcassets */ = {isa = PBXFileReference; lastKnownFileType = folder.assetcatalog; path = Assets.xcassets; sourceTree = "<group>"; };
		FA8663661FC5D1CF00B24444 /* Base */ = {isa = PBXFileReference; lastKnownFileType = file.storyboard; name = Base; path = Base.lproj/LaunchScreen.storyboard; sourceTree = "<group>"; };
		FA8663681FC5D1CF00B24444 /* Info.plist */ = {isa = PBXFileReference; lastKnownFileType = text.plist.xml; path = Info.plist; sourceTree = "<group>"; };
		FA86636E1FC5D2EB00B24444 /* Button.swift */ = {isa = PBXFileReference; fileEncoding = 4; lastKnownFileType = sourcecode.swift; path = Button.swift; sourceTree = "<group>"; };
/* End PBXFileReference section */

/* Begin PBXFrameworksBuildPhase section */
		FA8663561FC5D1CF00B24444 /* Frameworks */ = {
			isa = PBXFrameworksBuildPhase;
			buildActionMask = 2147483647;
			files = (
			);
			runOnlyForDeploymentPostprocessing = 0;
		};
/* End PBXFrameworksBuildPhase section */

/* Begin PBXGroup section */
		FA8663501FC5D1CF00B24444 = {
			isa = PBXGroup;
			children = (
				FA86635B1FC5D1CF00B24444 /* DesignableButton */,
				FA86635A1FC5D1CF00B24444 /* Products */,
			);
			sourceTree = "<group>";
		};
		FA86635A1FC5D1CF00B24444 /* Products */ = {
			isa = PBXGroup;
			children = (
				FA8663591FC5D1CF00B24444 /* DesignableButton.app */,
			);
			name = Products;
			sourceTree = "<group>";
		};
		FA86635B1FC5D1CF00B24444 /* DesignableButton */ = {
			isa = PBXGroup;
			children = (
				FA86635C1FC5D1CF00B24444 /* AppDelegate.swift */,
				FA86635E1FC5D1CF00B24444 /* ViewController.swift */,
				FA86636E1FC5D2EB00B24444 /* Button.swift */,
				FA8663601FC5D1CF00B24444 /* Main.storyboard */,
				FA8663631FC5D1CF00B24444 /* Assets.xcassets */,
				FA8663651FC5D1CF00B24444 /* LaunchScreen.storyboard */,
				FA8663681FC5D1CF00B24444 /* Info.plist */,
			);
			path = DesignableButton;
			sourceTree = "<group>";
		};
/* End PBXGroup section */

/* Begin PBXNativeTarget section */
		FA8663581FC5D1CF00B24444 /* DesignableButton */ = {
			isa = PBXNativeTarget;
			buildConfigurationList = FA86636B1FC5D1CF00B24444 /* Build configuration list for PBXNativeTarget "DesignableButton" */;
			buildPhases = (
				FA8663551FC5D1CF00B24444 /* Sources */,
				FA8663561FC5D1CF00B24444 /* Frameworks */,
				FA8663571FC5D1CF00B24444 /* Resources */,
			);
			buildRules = (
			);
			dependencies = (
			);
			name = DesignableButton;
			productName = DesignableButton;
			productReference = FA8663591FC5D1CF00B24444 /* DesignableButton.app */;
			productType = "com.apple.product-type.application";
		};
/* End PBXNativeTarget section */

/* Begin PBXProject section */
		FA8663511FC5D1CF00B24444 /* Project object */ = {
			isa = PBXProject;
			attributes = {
				LastSwiftUpdateCheck = 0820;
				LastUpgradeCheck = 0820;
				ORGANIZATIONNAME = "Alex Voronov";
				TargetAttributes = {
					FA8663581FC5D1CF00B24444 = {
						CreatedOnToolsVersion = 8.2.1;
						DevelopmentTeam = GHALJQTKL9;
						ProvisioningStyle = Automatic;
					};
				};
			};
			buildConfigurationList = FA8663541FC5D1CF00B24444 /* Build configuration list for PBXProject "DesignableButton" */;
			compatibilityVersion = "Xcode 3.2";
			developmentRegion = English;
			hasScannedForEncodings = 0;
			knownRegions = (
				en,
				Base,
			);
			mainGroup = FA8663501FC5D1CF00B24444;
			productRefGroup = FA86635A1FC5D1CF00B24444 /* Products */;
			projectDirPath = "";
			projectRoot = "";
			targets = (
				FA8663581FC5D1CF00B24444 /* DesignableButton */,
			);
		};
/* End PBXProject section */

/* Begin PBXResourcesBuildPhase section */
		FA8663571FC5D1CF00B24444 /* Resources */ = {
			isa = PBXResourcesBuildPhase;
			buildActionMask = 2147483647;
			files = (
				FA8663671FC5D1CF00B24444 /* LaunchScreen.storyboard in Resources */,
				FA8663641FC5D1CF00B24444 /* Assets.xcassets in Resources */,
				FA8663621FC5D1CF00B24444 /* Main.storyboard in Resources */,
			);
			runOnlyForDeploymentPostprocessing = 0;
		};
/* End PBXResourcesBuildPhase section */

/* Begin PBXSourcesBuildPhase section */
		FA8663551FC5D1CF00B24444 /* Sources */ = {
			isa = PBXSourcesBuildPhase;
			buildActionMask = 2147483647;
			files = (
				FA86635F1FC5D1CF00B24444 /* ViewController.swift in Sources */,
				FA86636F1FC5D2EB00B24444 /* Button.swift in Sources */,
				FA86635D1FC5D1CF00B24444 /* AppDelegate.swift in Sources */,
			);
			runOnlyForDeploymentPostprocessing = 0;
		};
/* End PBXSourcesBuildPhase section */

/* Begin PBXVariantGroup section */
		FA8663601FC5D1CF00B24444 /* Main.storyboard */ = {
			isa = PBXVariantGroup;
			children = (
				FA8663611FC5D1CF00B24444 /* Base */,
			);
			name = Main.storyboard;
			sourceTree = "<group>";
		};
		FA8663651FC5D1CF00B24444 /* LaunchScreen.storyboard */ = {
			isa = PBXVariantGroup;
			children = (
				FA8663661FC5D1CF00B24444 /* Base */,
			);
			name = LaunchScreen.storyboard;
			sourceTree = "<group>";
		};
/* End PBXVariantGroup section */

/* Begin XCBuildConfiguration section */
		FA8663691FC5D1CF00B24444 /* Debug */ = {
			isa = XCBuildConfiguration;
			buildSettings = {
				ALWAYS_SEARCH_USER_PATHS = NO;
				CLANG_ANALYZER_NONNULL = YES;
				CLANG_CXX_LANGUAGE_STANDARD = "gnu++0x";
				CLANG_CXX_LIBRARY = "libc++";
				CLANG_ENABLE_MODULES = YES;
				CLANG_ENABLE_OBJC_ARC = YES;
				CLANG_WARN_BOOL_CONVERSION = YES;
				CLANG_WARN_CONSTANT_CONVERSION = YES;
				CLANG_WARN_DIRECT_OBJC_ISA_USAGE = YES_ERROR;
				CLANG_WARN_DOCUMENTATION_COMMENTS = YES;
				CLANG_WARN_EMPTY_BODY = YES;
				CLANG_WARN_ENUM_CONVERSION = YES;
				CLANG_WARN_INFINITE_RECURSION = YES;
				CLANG_WARN_INT_CONVERSION = YES;
				CLANG_WARN_OBJC_ROOT_CLASS = YES_ERROR;
				CLANG_WARN_SUSPICIOUS_MOVE = YES;
				CLANG_WARN_UNREACHABLE_CODE = YES;
				CLANG_WARN__DUPLICATE_METHOD_MATCH = YES;
				"CODE_SIGN_IDENTITY[sdk=iphoneos*]" = "iPhone Developer";
				COPY_PHASE_STRIP = NO;
				DEBUG_INFORMATION_FORMAT = dwarf;
				ENABLE_STRICT_OBJC_MSGSEND = YES;
				ENABLE_TESTABILITY = YES;
				GCC_C_LANGUAGE_STANDARD = gnu99;
				GCC_DYNAMIC_NO_PIC = NO;
				GCC_NO_COMMON_BLOCKS = YES;
				GCC_OPTIMIZATION_LEVEL = 0;
				GCC_PREPROCESSOR_DEFINITIONS = (
					"DEBUG=1",
					"$(inherited)",
				);
				GCC_WARN_64_TO_32_BIT_CONVERSION = YES;
				GCC_WARN_ABOUT_RETURN_TYPE = YES_ERROR;
				GCC_WARN_UNDECLARED_SELECTOR = YES;
				GCC_WARN_UNINITIALIZED_AUTOS = YES_AGGRESSIVE;
				GCC_WARN_UNUSED_FUNCTION = YES;
				GCC_WARN_UNUSED_VARIABLE = YES;
				IPHONEOS_DEPLOYMENT_TARGET = 10.2;
				MTL_ENABLE_DEBUG_INFO = YES;
				ONLY_ACTIVE_ARCH = YES;
				SDKROOT = iphoneos;
				SWIFT_ACTIVE_COMPILATION_CONDITIONS = DEBUG;
				SWIFT_OPTIMIZATION_LEVEL = "-Onone";
				TARGETED_DEVICE_FAMILY = "1,2";
			};
			name = Debug;
		};
		FA86636A1FC5D1CF00B24444 /* Release */ = {
			isa = XCBuildConfiguration;
			buildSettings = {
				ALWAYS_SEARCH_USER_PATHS = NO;
				CLANG_ANALYZER_NONNULL = YES;
				CLANG_CXX_LANGUAGE_STANDARD = "gnu++0x";
				CLANG_CXX_LIBRARY = "libc++";
				CLANG_ENABLE_MODULES = YES;
				CLANG_ENABLE_OBJC_ARC = YES;
				CLANG_WARN_BOOL_CONVERSION = YES;
				CLANG_WARN_CONSTANT_CONVERSION = YES;
				CLANG_WARN_DIRECT_OBJC_ISA_USAGE = YES_ERROR;
				CLANG_WARN_DOCUMENTATION_COMMENTS = YES;
				CLANG_WARN_EMPTY_BODY = YES;
				CLANG_WARN_ENUM_CONVERSION = YES;
				CLANG_WARN_INFINITE_RECURSION = YES;
				CLANG_WARN_INT_CONVERSION = YES;
				CLANG_WARN_OBJC_ROOT_CLASS = YES_ERROR;
				CLANG_WARN_SUSPICIOUS_MOVE = YES;
				CLANG_WARN_UNREACHABLE_CODE = YES;
				CLANG_WARN__DUPLICATE_METHOD_MATCH = YES;
				"CODE_SIGN_IDENTITY[sdk=iphoneos*]" = "iPhone Developer";
				COPY_PHASE_STRIP = NO;
				DEBUG_INFORMATION_FORMAT = "dwarf-with-dsym";
				ENABLE_NS_ASSERTIONS = NO;
				ENABLE_STRICT_OBJC_MSGSEND = YES;
				GCC_C_LANGUAGE_STANDARD = gnu99;
				GCC_NO_COMMON_BLOCKS = YES;
				GCC_WARN_64_TO_32_BIT_CONVERSION = YES;
				GCC_WARN_ABOUT_RETURN_TYPE = YES_ERROR;
				GCC_WARN_UNDECLARED_SELECTOR = YES;
				GCC_WARN_UNINITIALIZED_AUTOS = YES_AGGRESSIVE;
				GCC_WARN_UNUSED_FUNCTION = YES;
				GCC_WARN_UNUSED_VARIABLE = YES;
				IPHONEOS_DEPLOYMENT_TARGET = 10.2;
				MTL_ENABLE_DEBUG_INFO = NO;
				SDKROOT = iphoneos;
				SWIFT_OPTIMIZATION_LEVEL = "-Owholemodule";
				TARGETED_DEVICE_FAMILY = "1,2";
				VALIDATE_PRODUCT = YES;
			};
			name = Release;
		};
		FA86636C1FC5D1CF00B24444 /* Debug */ = {
			isa = XCBuildConfiguration;
			buildSettings = {
				ASSETCATALOG_COMPILER_APPICON_NAME = AppIcon;
				DEVELOPMENT_TEAM = GHALJQTKL9;
				INFOPLIST_FILE = DesignableButton/Info.plist;
				LD_RUNPATH_SEARCH_PATHS = "$(inherited) @executable_path/Frameworks";
				PRODUCT_BUNDLE_IDENTIFIER = AlexV.DesignableButton;
				PRODUCT_NAME = "$(TARGET_NAME)";
				SWIFT_VERSION = 3.0;
			};
			name = Debug;
		};
		FA86636D1FC5D1CF00B24444 /* Release */ = {
			isa = XCBuildConfiguration;
			buildSettings = {
				ASSETCATALOG_COMPILER_APPICON_NAME = AppIcon;
				DEVELOPMENT_TEAM = GHALJQTKL9;
				INFOPLIST_FILE = DesignableButton/Info.plist;
				LD_RUNPATH_SEARCH_PATHS = "$(inherited) @executable_path/Frameworks";
				PRODUCT_BUNDLE_IDENTIFIER = AlexV.DesignableButton;
				PRODUCT_NAME = "$(TARGET_NAME)";
				SWIFT_VERSION = 3.0;
			};
			name = Release;
		};
/* End XCBuildConfiguration section */

/* Begin XCConfigurationList section */
		FA8663541FC5D1CF00B24444 /* Build configuration list for PBXProject "DesignableButton" */ = {
			isa = XCConfigurationList;
			buildConfigurations = (
				FA8663691FC5D1CF00B24444 /* Debug */,
				FA86636A1FC5D1CF00B24444 /* Release */,
			);
			defaultConfigurationIsVisible = 0;
			defaultConfigurationName = Release;
		};
		FA86636B1FC5D1CF00B24444 /* Build configuration list for PBXNativeTarget "DesignableButton" */ = {
			isa = XCConfigurationList;
			buildConfigurations = (
				FA86636C1FC5D1CF00B24444 /* Debug */,
				FA86636D1FC5D1CF00B24444 /* Release */,
			);
			defaultConfigurationIsVisible = 0;
		};
/* End XCConfigurationList section */
	};
	rootObject = FA8663511FC5D1CF00B24444 /* Project object */;
}
