// !$*UTF8*$!
{
	archiveVersion = 1;
	classes = {
	};
	objectVersion = 46;
	objects = {

/* Begin PBXBuildFile section */
		FA72A3B41CF83EC000A1510F /* AppDelegate.swift in Sources */ = {isa = PBXBuildFile; fileRef = FA72A3B31CF83EC000A1510F /* AppDelegate.swift */; };
		FA72A3B61CF83EC000A1510F /* ViewController.swift in Sources */ = {isa = PBXBuildFile; fileRef = FA72A3B51CF83EC000A1510F /* ViewController.swift */; };
		FA72A3B91CF83EC100A1510F /* Main.storyboard in Resources */ = {isa = PBXBuildFile; fileRef = FA72A3B71CF83EC100A1510F /* Main.storyboard */; };
		FA72A3BB1CF83EC100A1510F /* Assets.xcassets in Resources */ = {isa = PBXBuildFile; fileRef = FA72A3BA1CF83EC100A1510F /* Assets.xcassets */; };
		FA72A3BE1CF83EC100A1510F /* LaunchScreen.storyboard in Resources */ = {isa = PBXBuildFile; fileRef = FA72A3BC1CF83EC100A1510F /* LaunchScreen.storyboard */; };
		FA72A3C91CF83EC100A1510F /* CollectionsTests.swift in Sources */ = {isa = PBXBuildFile; fileRef = FA72A3C81CF83EC100A1510F /* CollectionsTests.swift */; };
		FA72A3D41CF83EC100A1510F /* CollectionsUITests.swift in Sources */ = {isa = PBXBuildFile; fileRef = FA72A3D31CF83EC100A1510F /* CollectionsUITests.swift */; };
		FA72A3E41CF83F5200A1510F /* MyCollectionViewCell.swift in Sources */ = {isa = PBXBuildFile; fileRef = FA72A3E31CF83F5200A1510F /* MyCollectionViewCell.swift */; };
/* End PBXBuildFile section */

/* Begin PBXContainerItemProxy section */
		FA72A3C51CF83EC100A1510F /* PBXContainerItemProxy */ = {
			isa = PBXContainerItemProxy;
			containerPortal = FA72A3A81CF83EC000A1510F /* Project object */;
			proxyType = 1;
			remoteGlobalIDString = FA72A3AF1CF83EC000A1510F;
			remoteInfo = Collections;
		};
		FA72A3D01CF83EC100A1510F /* PBXContainerItemProxy */ = {
			isa = PBXContainerItemProxy;
			containerPortal = FA72A3A81CF83EC000A1510F /* Project object */;
			proxyType = 1;
			remoteGlobalIDString = FA72A3AF1CF83EC000A1510F;
			remoteInfo = Collections;
		};
/* End PBXContainerItemProxy section */

/* Begin PBXFileReference section */
		FA72A3B01CF83EC000A1510F /* Collections.app */ = {isa = PBXFileReference; explicitFileType = wrapper.application; includeInIndex = 0; path = Collections.app; sourceTree = BUILT_PRODUCTS_DIR; };
		FA72A3B31CF83EC000A1510F /* AppDelegate.swift */ = {isa = PBXFileReference; lastKnownFileType = sourcecode.swift; path = AppDelegate.swift; sourceTree = "<group>"; };
		FA72A3B51CF83EC000A1510F /* ViewController.swift */ = {isa = PBXFileReference; lastKnownFileType = sourcecode.swift; path = ViewController.swift; sourceTree = "<group>"; };
		FA72A3B81CF83EC100A1510F /* Base */ = {isa = PBXFileReference; lastKnownFileType = file.storyboard; name = Base; path = Base.lproj/Main.storyboard; sourceTree = "<group>"; };
		FA72A3BA1CF83EC100A1510F /* Assets.xcassets */ = {isa = PBXFileReference; lastKnownFileType = folder.assetcatalog; path = Assets.xcassets; sourceTree = "<group>"; };
		FA72A3BD1CF83EC100A1510F /* Base */ = {isa = PBXFileReference; lastKnownFileType = file.storyboard; name = Base; path = Base.lproj/LaunchScreen.storyboard; sourceTree = "<group>"; };
		FA72A3BF1CF83EC100A1510F /* Info.plist */ = {isa = PBXFileReference; lastKnownFileType = text.plist.xml; path = Info.plist; sourceTree = "<group>"; };
		FA72A3C41CF83EC100A1510F /* CollectionsTests.xctest */ = {isa = PBXFileReference; explicitFileType = wrapper.cfbundle; includeInIndex = 0; path = CollectionsTests.xctest; sourceTree = BUILT_PRODUCTS_DIR; };
		FA72A3C81CF83EC100A1510F /* CollectionsTests.swift */ = {isa = PBXFileReference; lastKnownFileType = sourcecode.swift; path = CollectionsTests.swift; sourceTree = "<group>"; };
		FA72A3CA1CF83EC100A1510F /* Info.plist */ = {isa = PBXFileReference; lastKnownFileType = text.plist.xml; path = Info.plist; sourceTree = "<group>"; };
		FA72A3CF1CF83EC100A1510F /* CollectionsUITests.xctest */ = {isa = PBXFileReference; explicitFileType = wrapper.cfbundle; includeInIndex = 0; path = CollectionsUITests.xctest; sourceTree = BUILT_PRODUCTS_DIR; };
		FA72A3D31CF83EC100A1510F /* CollectionsUITests.swift */ = {isa = PBXFileReference; lastKnownFileType = sourcecode.swift; path = CollectionsUITests.swift; sourceTree = "<group>"; };
		FA72A3D51CF83EC100A1510F /* Info.plist */ = {isa = PBXFileReference; lastKnownFileType = text.plist.xml; path = Info.plist; sourceTree = "<group>"; };
		FA72A3E31CF83F5200A1510F /* MyCollectionViewCell.swift */ = {isa = PBXFileReference; fileEncoding = 4; lastKnownFileType = sourcecode.swift; path = MyCollectionViewCell.swift; sourceTree = "<group>"; };
/* End PBXFileReference section */

/* Begin PBXFrameworksBuildPhase section */
		FA72A3AD1CF83EC000A1510F /* Frameworks */ = {
			isa = PBXFrameworksBuildPhase;
			buildActionMask = 2147483647;
			files = (
			);
			runOnlyForDeploymentPostprocessing = 0;
		};
		FA72A3C11CF83EC100A1510F /* Frameworks */ = {
			isa = PBXFrameworksBuildPhase;
			buildActionMask = 2147483647;
			files = (
			);
			runOnlyForDeploymentPostprocessing = 0;
		};
		FA72A3CC1CF83EC100A1510F /* Frameworks */ = {
			isa = PBXFrameworksBuildPhase;
			buildActionMask = 2147483647;
			files = (
			);
			runOnlyForDeploymentPostprocessing = 0;
		};
/* End PBXFrameworksBuildPhase section */

/* Begin PBXGroup section */
		FA72A3A71CF83EC000A1510F = {
			isa = PBXGroup;
			children = (
				FA72A3E31CF83F5200A1510F /* MyCollectionViewCell.swift */,
				FA72A3B21CF83EC000A1510F /* Collections */,
				FA72A3C71CF83EC100A1510F /* CollectionsTests */,
				FA72A3D21CF83EC100A1510F /* CollectionsUITests */,
				FA72A3B11CF83EC000A1510F /* Products */,
			);
			sourceTree = "<group>";
		};
		FA72A3B11CF83EC000A1510F /* Products */ = {
			isa = PBXGroup;
			children = (
				FA72A3B01CF83EC000A1510F /* Collections.app */,
				FA72A3C41CF83EC100A1510F /* CollectionsTests.xctest */,
				FA72A3CF1CF83EC100A1510F /* CollectionsUITests.xctest */,
			);
			name = Products;
			sourceTree = "<group>";
		};
		FA72A3B21CF83EC000A1510F /* Collections */ = {
			isa = PBXGroup;
			children = (
				FA72A3B31CF83EC000A1510F /* AppDelegate.swift */,
				FA72A3B51CF83EC000A1510F /* ViewController.swift */,
				FA72A3B71CF83EC100A1510F /* Main.storyboard */,
				FA72A3BA1CF83EC100A1510F /* Assets.xcassets */,
				FA72A3BC1CF83EC100A1510F /* LaunchScreen.storyboard */,
				FA72A3BF1CF83EC100A1510F /* Info.plist */,
			);
			path = Collections;
			sourceTree = "<group>";
		};
		FA72A3C71CF83EC100A1510F /* CollectionsTests */ = {
			isa = PBXGroup;
			children = (
				FA72A3C81CF83EC100A1510F /* CollectionsTests.swift */,
				FA72A3CA1CF83EC100A1510F /* Info.plist */,
			);
			path = CollectionsTests;
			sourceTree = "<group>";
		};
		FA72A3D21CF83EC100A1510F /* CollectionsUITests */ = {
			isa = PBXGroup;
			children = (
				FA72A3D31CF83EC100A1510F /* CollectionsUITests.swift */,
				FA72A3D51CF83EC100A1510F /* Info.plist */,
			);
			path = CollectionsUITests;
			sourceTree = "<group>";
		};
/* End PBXGroup section */

/* Begin PBXNativeTarget section */
		FA72A3AF1CF83EC000A1510F /* Collections */ = {
			isa = PBXNativeTarget;
			buildConfigurationList = FA72A3D81CF83EC100A1510F /* Build configuration list for PBXNativeTarget "Collections" */;
			buildPhases = (
				FA72A3AC1CF83EC000A1510F /* Sources */,
				FA72A3AD1CF83EC000A1510F /* Frameworks */,
				FA72A3AE1CF83EC000A1510F /* Resources */,
			);
			buildRules = (
			);
			dependencies = (
			);
			name = Collections;
			productName = Collections;
			productReference = FA72A3B01CF83EC000A1510F /* Collections.app */;
			productType = "com.apple.product-type.application";
		};
		FA72A3C31CF83EC100A1510F /* CollectionsTests */ = {
			isa = PBXNativeTarget;
			buildConfigurationList = FA72A3DB1CF83EC100A1510F /* Build configuration list for PBXNativeTarget "CollectionsTests" */;
			buildPhases = (
				FA72A3C01CF83EC100A1510F /* Sources */,
				FA72A3C11CF83EC100A1510F /* Frameworks */,
				FA72A3C21CF83EC100A1510F /* Resources */,
			);
			buildRules = (
			);
			dependencies = (
				FA72A3C61CF83EC100A1510F /* PBXTargetDependency */,
			);
			name = CollectionsTests;
			productName = CollectionsTests;
			productReference = FA72A3C41CF83EC100A1510F /* CollectionsTests.xctest */;
			productType = "com.apple.product-type.bundle.unit-test";
		};
		FA72A3CE1CF83EC100A1510F /* CollectionsUITests */ = {
			isa = PBXNativeTarget;
			buildConfigurationList = FA72A3DE1CF83EC100A1510F /* Build configuration list for PBXNativeTarget "CollectionsUITests" */;
			buildPhases = (
				FA72A3CB1CF83EC100A1510F /* Sources */,
				FA72A3CC1CF83EC100A1510F /* Frameworks */,
				FA72A3CD1CF83EC100A1510F /* Resources */,
			);
			buildRules = (
			);
			dependencies = (
				FA72A3D11CF83EC100A1510F /* PBXTargetDependency */,
			);
			name = CollectionsUITests;
			productName = CollectionsUITests;
			productReference = FA72A3CF1CF83EC100A1510F /* CollectionsUITests.xctest */;
			productType = "com.apple.product-type.bundle.ui-testing";
		};
/* End PBXNativeTarget section */

/* Begin PBXProject section */
		FA72A3A81CF83EC000A1510F /* Project object */ = {
			isa = PBXProject;
			attributes = {
				LastSwiftUpdateCheck = 0730;
				LastUpgradeCheck = 0730;
				ORGANIZATIONNAME = "Alex&V";
				TargetAttributes = {
					FA72A3AF1CF83EC000A1510F = {
						CreatedOnToolsVersion = 7.3.1;
						DevelopmentTeam = TP5E4EE8P6;
					};
					FA72A3C31CF83EC100A1510F = {
						CreatedOnToolsVersion = 7.3.1;
						DevelopmentTeam = TP5E4EE8P6;
						TestTargetID = FA72A3AF1CF83EC000A1510F;
					};
					FA72A3CE1CF83EC100A1510F = {
						CreatedOnToolsVersion = 7.3.1;
						DevelopmentTeam = TP5E4EE8P6;
						TestTargetID = FA72A3AF1CF83EC000A1510F;
					};
				};
			};
			buildConfigurationList = FA72A3AB1CF83EC000A1510F /* Build configuration list for PBXProject "Collections" */;
			compatibilityVersion = "Xcode 3.2";
			developmentRegion = English;
			hasScannedForEncodings = 0;
			knownRegions = (
				en,
				Base,
			);
			mainGroup = FA72A3A71CF83EC000A1510F;
			productRefGroup = FA72A3B11CF83EC000A1510F /* Products */;
			projectDirPath = "";
			projectRoot = "";
			targets = (
				FA72A3AF1CF83EC000A1510F /* Collections */,
				FA72A3C31CF83EC100A1510F /* CollectionsTests */,
				FA72A3CE1CF83EC100A1510F /* CollectionsUITests */,
			);
		};
/* End PBXProject section */

/* Begin PBXResourcesBuildPhase section */
		FA72A3AE1CF83EC000A1510F /* Resources */ = {
			isa = PBXResourcesBuildPhase;
			buildActionMask = 2147483647;
			files = (
				FA72A3BE1CF83EC100A1510F /* LaunchScreen.storyboard in Resources */,
				FA72A3BB1CF83EC100A1510F /* Assets.xcassets in Resources */,
				FA72A3B91CF83EC100A1510F /* Main.storyboard in Resources */,
			);
			runOnlyForDeploymentPostprocessing = 0;
		};
		FA72A3C21CF83EC100A1510F /* Resources */ = {
			isa = PBXResourcesBuildPhase;
			buildActionMask = 2147483647;
			files = (
			);
			runOnlyForDeploymentPostprocessing = 0;
		};
		FA72A3CD1CF83EC100A1510F /* Resources */ = {
			isa = PBXResourcesBuildPhase;
			buildActionMask = 2147483647;
			files = (
			);
			runOnlyForDeploymentPostprocessing = 0;
		};
/* End PBXResourcesBuildPhase section */

/* Begin PBXSourcesBuildPhase section */
		FA72A3AC1CF83EC000A1510F /* Sources */ = {
			isa = PBXSourcesBuildPhase;
			buildActionMask = 2147483647;
			files = (
				FA72A3B61CF83EC000A1510F /* ViewController.swift in Sources */,
				FA72A3E41CF83F5200A1510F /* MyCollectionViewCell.swift in Sources */,
				FA72A3B41CF83EC000A1510F /* AppDelegate.swift in Sources */,
			);
			runOnlyForDeploymentPostprocessing = 0;
		};
		FA72A3C01CF83EC100A1510F /* Sources */ = {
			isa = PBXSourcesBuildPhase;
			buildActionMask = 2147483647;
			files = (
				FA72A3C91CF83EC100A1510F /* CollectionsTests.swift in Sources */,
			);
			runOnlyForDeploymentPostprocessing = 0;
		};
		FA72A3CB1CF83EC100A1510F /* Sources */ = {
			isa = PBXSourcesBuildPhase;
			buildActionMask = 2147483647;
			files = (
				FA72A3D41CF83EC100A1510F /* CollectionsUITests.swift in Sources */,
			);
			runOnlyForDeploymentPostprocessing = 0;
		};
/* End PBXSourcesBuildPhase section */

/* Begin PBXTargetDependency section */
		FA72A3C61CF83EC100A1510F /* PBXTargetDependency */ = {
			isa = PBXTargetDependency;
			target = FA72A3AF1CF83EC000A1510F /* Collections */;
			targetProxy = FA72A3C51CF83EC100A1510F /* PBXContainerItemProxy */;
		};
		FA72A3D11CF83EC100A1510F /* PBXTargetDependency */ = {
			isa = PBXTargetDependency;
			target = FA72A3AF1CF83EC000A1510F /* Collections */;
			targetProxy = FA72A3D01CF83EC100A1510F /* PBXContainerItemProxy */;
		};
/* End PBXTargetDependency section */

/* Begin PBXVariantGroup section */
		FA72A3B71CF83EC100A1510F /* Main.storyboard */ = {
			isa = PBXVariantGroup;
			children = (
				FA72A3B81CF83EC100A1510F /* Base */,
			);
			name = Main.storyboard;
			sourceTree = "<group>";
		};
		FA72A3BC1CF83EC100A1510F /* LaunchScreen.storyboard */ = {
			isa = PBXVariantGroup;
			children = (
				FA72A3BD1CF83EC100A1510F /* Base */,
			);
			name = LaunchScreen.storyboard;
			sourceTree = "<group>";
		};
/* End PBXVariantGroup section */

/* Begin XCBuildConfiguration section */
		FA72A3D61CF83EC100A1510F /* Debug */ = {
			isa = XCBuildConfiguration;
			buildSettings = {
				ALWAYS_SEARCH_USER_PATHS = NO;
				CLANG_ANALYZER_NONNULL = YES;
				CLANG_CXX_LANGUAGE_STANDARD = "gnu++0x";
				CLANG_CXX_LIBRARY = "libc++";
				CLANG_ENABLE_MODULES = YES;
				CLANG_ENABLE_OBJC_ARC = YES;
				CLANG_WARN_BOOL_CONVERSION = YES;
				CLANG_WARN_CONSTANT_CONVERSION = YES;
				CLANG_WARN_DIRECT_OBJC_ISA_USAGE = YES_ERROR;
				CLANG_WARN_EMPTY_BODY = YES;
				CLANG_WARN_ENUM_CONVERSION = YES;
				CLANG_WARN_INT_CONVERSION = YES;
				CLANG_WARN_OBJC_ROOT_CLASS = YES_ERROR;
				CLANG_WARN_UNREACHABLE_CODE = YES;
				CLANG_WARN__DUPLICATE_METHOD_MATCH = YES;
				"CODE_SIGN_IDENTITY[sdk=iphoneos*]" = "iPhone Developer";
				COPY_PHASE_STRIP = NO;
				DEBUG_INFORMATION_FORMAT = dwarf;
				ENABLE_STRICT_OBJC_MSGSEND = YES;
				ENABLE_TESTABILITY = YES;
				GCC_C_LANGUAGE_STANDARD = gnu99;
				GCC_DYNAMIC_NO_PIC = NO;
				GCC_NO_COMMON_BLOCKS = YES;
				GCC_OPTIMIZATION_LEVEL = 0;
				GCC_PREPROCESSOR_DEFINITIONS = (
					"DEBUG=1",
					"$(inherited)",
				);
				GCC_WARN_64_TO_32_BIT_CONVERSION = YES;
				GCC_WARN_ABOUT_RETURN_TYPE = YES_ERROR;
				GCC_WARN_UNDECLARED_SELECTOR = YES;
				GCC_WARN_UNINITIALIZED_AUTOS = YES_AGGRESSIVE;
				GCC_WARN_UNUSED_FUNCTION = YES;
				GCC_WARN_UNUSED_VARIABLE = YES;
				IPHONEOS_DEPLOYMENT_TARGET = 9.3;
				MTL_ENABLE_DEBUG_INFO = YES;
				ONLY_ACTIVE_ARCH = YES;
				SDKROOT = iphoneos;
				SWIFT_OPTIMIZATION_LEVEL = "-Onone";
				TARGETED_DEVICE_FAMILY = "1,2";
			};
			name = Debug;
		};
		FA72A3D71CF83EC100A1510F /* Release */ = {
			isa = XCBuildConfiguration;
			buildSettings = {
				ALWAYS_SEARCH_USER_PATHS = NO;
				CLANG_ANALYZER_NONNULL = YES;
				CLANG_CXX_LANGUAGE_STANDARD = "gnu++0x";
				CLANG_CXX_LIBRARY = "libc++";
				CLANG_ENABLE_MODULES = YES;
				CLANG_ENABLE_OBJC_ARC = YES;
				CLANG_WARN_BOOL_CONVERSION = YES;
				CLANG_WARN_CONSTANT_CONVERSION = YES;
				CLANG_WARN_DIRECT_OBJC_ISA_USAGE = YES_ERROR;
				CLANG_WARN_EMPTY_BODY = YES;
				CLANG_WARN_ENUM_CONVERSION = YES;
				CLANG_WARN_INT_CONVERSION = YES;
				CLANG_WARN_OBJC_ROOT_CLASS = YES_ERROR;
				CLANG_WARN_UNREACHABLE_CODE = YES;
				CLANG_WARN__DUPLICATE_METHOD_MATCH = YES;
				"CODE_SIGN_IDENTITY[sdk=iphoneos*]" = "iPhone Developer";
				COPY_PHASE_STRIP = NO;
				DEBUG_INFORMATION_FORMAT = "dwarf-with-dsym";
				ENABLE_NS_ASSERTIONS = NO;
				ENABLE_STRICT_OBJC_MSGSEND = YES;
				GCC_C_LANGUAGE_STANDARD = gnu99;
				GCC_NO_COMMON_BLOCKS = YES;
				GCC_WARN_64_TO_32_BIT_CONVERSION = YES;
				GCC_WARN_ABOUT_RETURN_TYPE = YES_ERROR;
				GCC_WARN_UNDECLARED_SELECTOR = YES;
				GCC_WARN_UNINITIALIZED_AUTOS = YES_AGGRESSIVE;
				GCC_WARN_UNUSED_FUNCTION = YES;
				GCC_WARN_UNUSED_VARIABLE = YES;
				IPHONEOS_DEPLOYMENT_TARGET = 9.3;
				MTL_ENABLE_DEBUG_INFO = NO;
				SDKROOT = iphoneos;
				TARGETED_DEVICE_FAMILY = "1,2";
				VALIDATE_PRODUCT = YES;
			};
			name = Release;
		};
		FA72A3D91CF83EC100A1510F /* Debug */ = {
			isa = XCBuildConfiguration;
			buildSettings = {
				ASSETCATALOG_COMPILER_APPICON_NAME = AppIcon;
				INFOPLIST_FILE = Collections/Info.plist;
				LD_RUNPATH_SEARCH_PATHS = "$(inherited) @executable_path/Frameworks";
				PRODUCT_BUNDLE_IDENTIFIER = AlexV.Collections;
				PRODUCT_NAME = "$(TARGET_NAME)";
			};
			name = Debug;
		};
		FA72A3DA1CF83EC100A1510F /* Release */ = {
			isa = XCBuildConfiguration;
			buildSettings = {
				ASSETCATALOG_COMPILER_APPICON_NAME = AppIcon;
				INFOPLIST_FILE = Collections/Info.plist;
				LD_RUNPATH_SEARCH_PATHS = "$(inherited) @executable_path/Frameworks";
				PRODUCT_BUNDLE_IDENTIFIER = AlexV.Collections;
				PRODUCT_NAME = "$(TARGET_NAME)";
			};
			name = Release;
		};
		FA72A3DC1CF83EC100A1510F /* Debug */ = {
			isa = XCBuildConfiguration;
			buildSettings = {
				BUNDLE_LOADER = "$(TEST_HOST)";
				INFOPLIST_FILE = CollectionsTests/Info.plist;
				LD_RUNPATH_SEARCH_PATHS = "$(inherited) @executable_path/Frameworks @loader_path/Frameworks";
				PRODUCT_BUNDLE_IDENTIFIER = AlexV.CollectionsTests;
				PRODUCT_NAME = "$(TARGET_NAME)";
				TEST_HOST = "$(BUILT_PRODUCTS_DIR)/Collections.app/Collections";
			};
			name = Debug;
		};
		FA72A3DD1CF83EC100A1510F /* Release */ = {
			isa = XCBuildConfiguration;
			buildSettings = {
				BUNDLE_LOADER = "$(TEST_HOST)";
				INFOPLIST_FILE = CollectionsTests/Info.plist;
				LD_RUNPATH_SEARCH_PATHS = "$(inherited) @executable_path/Frameworks @loader_path/Frameworks";
				PRODUCT_BUNDLE_IDENTIFIER = AlexV.CollectionsTests;
				PRODUCT_NAME = "$(TARGET_NAME)";
				TEST_HOST = "$(BUILT_PRODUCTS_DIR)/Collections.app/Collections";
			};
			name = Release;
		};
		FA72A3DF1CF83EC100A1510F /* Debug */ = {
			isa = XCBuildConfiguration;
			buildSettings = {
				INFOPLIST_FILE = CollectionsUITests/Info.plist;
				LD_RUNPATH_SEARCH_PATHS = "$(inherited) @executable_path/Frameworks @loader_path/Frameworks";
				PRODUCT_BUNDLE_IDENTIFIER = AlexV.CollectionsUITests;
				PRODUCT_NAME = "$(TARGET_NAME)";
				TEST_TARGET_NAME = Collections;
			};
			name = Debug;
		};
		FA72A3E01CF83EC100A1510F /* Release */ = {
			isa = XCBuildConfiguration;
			buildSettings = {
				INFOPLIST_FILE = CollectionsUITests/Info.plist;
				LD_RUNPATH_SEARCH_PATHS = "$(inherited) @executable_path/Frameworks @loader_path/Frameworks";
				PRODUCT_BUNDLE_IDENTIFIER = AlexV.CollectionsUITests;
				PRODUCT_NAME = "$(TARGET_NAME)";
				TEST_TARGET_NAME = Collections;
			};
			name = Release;
		};
/* End XCBuildConfiguration section */

/* Begin XCConfigurationList section */
		FA72A3AB1CF83EC000A1510F /* Build configuration list for PBXProject "Collections" */ = {
			isa = XCConfigurationList;
			buildConfigurations = (
				FA72A3D61CF83EC100A1510F /* Debug */,
				FA72A3D71CF83EC100A1510F /* Release */,
			);
			defaultConfigurationIsVisible = 0;
			defaultConfigurationName = Release;
		};
		FA72A3D81CF83EC100A1510F /* Build configuration list for PBXNativeTarget "Collections" */ = {
			isa = XCConfigurationList;
			buildConfigurations = (
				FA72A3D91CF83EC100A1510F /* Debug */,
				FA72A3DA1CF83EC100A1510F /* Release */,
			);
			defaultConfigurationIsVisible = 0;
		};
		FA72A3DB1CF83EC100A1510F /* Build configuration list for PBXNativeTarget "CollectionsTests" */ = {
			isa = XCConfigurationList;
			buildConfigurations = (
				FA72A3DC1CF83EC100A1510F /* Debug */,
				FA72A3DD1CF83EC100A1510F /* Release */,
			);
			defaultConfigurationIsVisible = 0;
		};
		FA72A3DE1CF83EC100A1510F /* Build configuration list for PBXNativeTarget "CollectionsUITests" */ = {
			isa = XCConfigurationList;
			buildConfigurations = (
				FA72A3DF1CF83EC100A1510F /* Debug */,
				FA72A3E01CF83EC100A1510F /* Release */,
			);
			defaultConfigurationIsVisible = 0;
		};
/* End XCConfigurationList section */
	};
	rootObject = FA72A3A81CF83EC000A1510F /* Project object */;
}
