// !$*UTF8*$!
{
	archiveVersion = 1;
	classes = {
	};
	objectVersion = 46;
	objects = {

/* Begin PBXBuildFile section */
		FAD14A771CECA52600C5A31D /* AppDelegate.swift in Sources */ = {isa = PBXBuildFile; fileRef = FAD14A761CECA52600C5A31D /* AppDelegate.swift */; };
		FAD14A7C1CECA52600C5A31D /* Main.storyboard in Resources */ = {isa = PBXBuildFile; fileRef = FAD14A7A1CECA52600C5A31D /* Main.storyboard */; };
		FAD14A7E1CECA52600C5A31D /* Assets.xcassets in Resources */ = {isa = PBXBuildFile; fileRef = FAD14A7D1CECA52600C5A31D /* Assets.xcassets */; };
		FAD14A811CECA52600C5A31D /* LaunchScreen.storyboard in Resources */ = {isa = PBXBuildFile; fileRef = FAD14A7F1CECA52600C5A31D /* LaunchScreen.storyboard */; };
		FAD14A8C1CECA52600C5A31D /* DynamicTableCountriesTests.swift in Sources */ = {isa = PBXBuildFile; fileRef = FAD14A8B1CECA52600C5A31D /* DynamicTableCountriesTests.swift */; };
		FAD14A971CECA52700C5A31D /* DynamicTableCountriesUITests.swift in Sources */ = {isa = PBXBuildFile; fileRef = FAD14A961CECA52700C5A31D /* DynamicTableCountriesUITests.swift */; };
		FAD14AA51CECA65F00C5A31D /* CountriesTableViewController.swift in Sources */ = {isa = PBXBuildFile; fileRef = FAD14AA41CECA65F00C5A31D /* CountriesTableViewController.swift */; };
/* End PBXBuildFile section */

/* Begin PBXContainerItemProxy section */
		FAD14A881CECA52600C5A31D /* PBXContainerItemProxy */ = {
			isa = PBXContainerItemProxy;
			containerPortal = FAD14A6B1CECA52600C5A31D /* Project object */;
			proxyType = 1;
			remoteGlobalIDString = FAD14A721CECA52600C5A31D;
			remoteInfo = DynamicTableCountries;
		};
		FAD14A931CECA52700C5A31D /* PBXContainerItemProxy */ = {
			isa = PBXContainerItemProxy;
			containerPortal = FAD14A6B1CECA52600C5A31D /* Project object */;
			proxyType = 1;
			remoteGlobalIDString = FAD14A721CECA52600C5A31D;
			remoteInfo = DynamicTableCountries;
		};
/* End PBXContainerItemProxy section */

/* Begin PBXFileReference section */
		FAD14A731CECA52600C5A31D /* DynamicTableCountries.app */ = {isa = PBXFileReference; explicitFileType = wrapper.application; includeInIndex = 0; path = DynamicTableCountries.app; sourceTree = BUILT_PRODUCTS_DIR; };
		FAD14A761CECA52600C5A31D /* AppDelegate.swift */ = {isa = PBXFileReference; lastKnownFileType = sourcecode.swift; path = AppDelegate.swift; sourceTree = "<group>"; };
		FAD14A7B1CECA52600C5A31D /* Base */ = {isa = PBXFileReference; lastKnownFileType = file.storyboard; name = Base; path = Base.lproj/Main.storyboard; sourceTree = "<group>"; };
		FAD14A7D1CECA52600C5A31D /* Assets.xcassets */ = {isa = PBXFileReference; lastKnownFileType = folder.assetcatalog; path = Assets.xcassets; sourceTree = "<group>"; };
		FAD14A801CECA52600C5A31D /* Base */ = {isa = PBXFileReference; lastKnownFileType = file.storyboard; name = Base; path = Base.lproj/LaunchScreen.storyboard; sourceTree = "<group>"; };
		FAD14A821CECA52600C5A31D /* Info.plist */ = {isa = PBXFileReference; lastKnownFileType = text.plist.xml; path = Info.plist; sourceTree = "<group>"; };
		FAD14A871CECA52600C5A31D /* DynamicTableCountriesTests.xctest */ = {isa = PBXFileReference; explicitFileType = wrapper.cfbundle; includeInIndex = 0; path = DynamicTableCountriesTests.xctest; sourceTree = BUILT_PRODUCTS_DIR; };
		FAD14A8B1CECA52600C5A31D /* DynamicTableCountriesTests.swift */ = {isa = PBXFileReference; lastKnownFileType = sourcecode.swift; path = DynamicTableCountriesTests.swift; sourceTree = "<group>"; };
		FAD14A8D1CECA52600C5A31D /* Info.plist */ = {isa = PBXFileReference; lastKnownFileType = text.plist.xml; path = Info.plist; sourceTree = "<group>"; };
		FAD14A921CECA52700C5A31D /* DynamicTableCountriesUITests.xctest */ = {isa = PBXFileReference; explicitFileType = wrapper.cfbundle; includeInIndex = 0; path = DynamicTableCountriesUITests.xctest; sourceTree = BUILT_PRODUCTS_DIR; };
		FAD14A961CECA52700C5A31D /* DynamicTableCountriesUITests.swift */ = {isa = PBXFileReference; lastKnownFileType = sourcecode.swift; path = DynamicTableCountriesUITests.swift; sourceTree = "<group>"; };
		FAD14A981CECA52700C5A31D /* Info.plist */ = {isa = PBXFileReference; lastKnownFileType = text.plist.xml; path = Info.plist; sourceTree = "<group>"; };
		FAD14AA41CECA65F00C5A31D /* CountriesTableViewController.swift */ = {isa = PBXFileReference; fileEncoding = 4; lastKnownFileType = sourcecode.swift; path = CountriesTableViewController.swift; sourceTree = "<group>"; };
/* End PBXFileReference section */

/* Begin PBXFrameworksBuildPhase section */
		FAD14A701CECA52600C5A31D /* Frameworks */ = {
			isa = PBXFrameworksBuildPhase;
			buildActionMask = 2147483647;
			files = (
			);
			runOnlyForDeploymentPostprocessing = 0;
		};
		FAD14A841CECA52600C5A31D /* Frameworks */ = {
			isa = PBXFrameworksBuildPhase;
			buildActionMask = 2147483647;
			files = (
			);
			runOnlyForDeploymentPostprocessing = 0;
		};
		FAD14A8F1CECA52700C5A31D /* Frameworks */ = {
			isa = PBXFrameworksBuildPhase;
			buildActionMask = 2147483647;
			files = (
			);
			runOnlyForDeploymentPostprocessing = 0;
		};
/* End PBXFrameworksBuildPhase section */

/* Begin PBXGroup section */
		FAD14A6A1CECA52600C5A31D = {
			isa = PBXGroup;
			children = (
				FAD14AA41CECA65F00C5A31D /* CountriesTableViewController.swift */,
				FAD14A751CECA52600C5A31D /* DynamicTableCountries */,
				FAD14A8A1CECA52600C5A31D /* DynamicTableCountriesTests */,
				FAD14A951CECA52700C5A31D /* DynamicTableCountriesUITests */,
				FAD14A741CECA52600C5A31D /* Products */,
			);
			sourceTree = "<group>";
		};
		FAD14A741CECA52600C5A31D /* Products */ = {
			isa = PBXGroup;
			children = (
				FAD14A731CECA52600C5A31D /* DynamicTableCountries.app */,
				FAD14A871CECA52600C5A31D /* DynamicTableCountriesTests.xctest */,
				FAD14A921CECA52700C5A31D /* DynamicTableCountriesUITests.xctest */,
			);
			name = Products;
			sourceTree = "<group>";
		};
		FAD14A751CECA52600C5A31D /* DynamicTableCountries */ = {
			isa = PBXGroup;
			children = (
				FAD14A761CECA52600C5A31D /* AppDelegate.swift */,
				FAD14A7A1CECA52600C5A31D /* Main.storyboard */,
				FAD14A7D1CECA52600C5A31D /* Assets.xcassets */,
				FAD14A7F1CECA52600C5A31D /* LaunchScreen.storyboard */,
				FAD14A821CECA52600C5A31D /* Info.plist */,
			);
			path = DynamicTableCountries;
			sourceTree = "<group>";
		};
		FAD14A8A1CECA52600C5A31D /* DynamicTableCountriesTests */ = {
			isa = PBXGroup;
			children = (
				FAD14A8B1CECA52600C5A31D /* DynamicTableCountriesTests.swift */,
				FAD14A8D1CECA52600C5A31D /* Info.plist */,
			);
			path = DynamicTableCountriesTests;
			sourceTree = "<group>";
		};
		FAD14A951CECA52700C5A31D /* DynamicTableCountriesUITests */ = {
			isa = PBXGroup;
			children = (
				FAD14A961CECA52700C5A31D /* DynamicTableCountriesUITests.swift */,
				FAD14A981CECA52700C5A31D /* Info.plist */,
			);
			path = DynamicTableCountriesUITests;
			sourceTree = "<group>";
		};
/* End PBXGroup section */

/* Begin PBXNativeTarget section */
		FAD14A721CECA52600C5A31D /* DynamicTableCountries */ = {
			isa = PBXNativeTarget;
			buildConfigurationList = FAD14A9B1CECA52700C5A31D /* Build configuration list for PBXNativeTarget "DynamicTableCountries" */;
			buildPhases = (
				FAD14A6F1CECA52600C5A31D /* Sources */,
				FAD14A701CECA52600C5A31D /* Frameworks */,
				FAD14A711CECA52600C5A31D /* Resources */,
			);
			buildRules = (
			);
			dependencies = (
			);
			name = DynamicTableCountries;
			productName = DynamicTableCountries;
			productReference = FAD14A731CECA52600C5A31D /* DynamicTableCountries.app */;
			productType = "com.apple.product-type.application";
		};
		FAD14A861CECA52600C5A31D /* DynamicTableCountriesTests */ = {
			isa = PBXNativeTarget;
			buildConfigurationList = FAD14A9E1CECA52700C5A31D /* Build configuration list for PBXNativeTarget "DynamicTableCountriesTests" */;
			buildPhases = (
				FAD14A831CECA52600C5A31D /* Sources */,
				FAD14A841CECA52600C5A31D /* Frameworks */,
				FAD14A851CECA52600C5A31D /* Resources */,
			);
			buildRules = (
			);
			dependencies = (
				FAD14A891CECA52600C5A31D /* PBXTargetDependency */,
			);
			name = DynamicTableCountriesTests;
			productName = DynamicTableCountriesTests;
			productReference = FAD14A871CECA52600C5A31D /* DynamicTableCountriesTests.xctest */;
			productType = "com.apple.product-type.bundle.unit-test";
		};
		FAD14A911CECA52700C5A31D /* DynamicTableCountriesUITests */ = {
			isa = PBXNativeTarget;
			buildConfigurationList = FAD14AA11CECA52700C5A31D /* Build configuration list for PBXNativeTarget "DynamicTableCountriesUITests" */;
			buildPhases = (
				FAD14A8E1CECA52700C5A31D /* Sources */,
				FAD14A8F1CECA52700C5A31D /* Frameworks */,
				FAD14A901CECA52700C5A31D /* Resources */,
			);
			buildRules = (
			);
			dependencies = (
				FAD14A941CECA52700C5A31D /* PBXTargetDependency */,
			);
			name = DynamicTableCountriesUITests;
			productName = DynamicTableCountriesUITests;
			productReference = FAD14A921CECA52700C5A31D /* DynamicTableCountriesUITests.xctest */;
			productType = "com.apple.product-type.bundle.ui-testing";
		};
/* End PBXNativeTarget section */

/* Begin PBXProject section */
		FAD14A6B1CECA52600C5A31D /* Project object */ = {
			isa = PBXProject;
			attributes = {
				LastSwiftUpdateCheck = 0730;
				LastUpgradeCheck = 0730;
				ORGANIZATIONNAME = "Alex&V";
				TargetAttributes = {
					FAD14A721CECA52600C5A31D = {
						CreatedOnToolsVersion = 7.3.1;
						DevelopmentTeam = TP5E4EE8P6;
					};
					FAD14A861CECA52600C5A31D = {
						CreatedOnToolsVersion = 7.3.1;
						DevelopmentTeam = TP5E4EE8P6;
						TestTargetID = FAD14A721CECA52600C5A31D;
					};
					FAD14A911CECA52700C5A31D = {
						CreatedOnToolsVersion = 7.3.1;
						DevelopmentTeam = TP5E4EE8P6;
						TestTargetID = FAD14A721CECA52600C5A31D;
					};
				};
			};
			buildConfigurationList = FAD14A6E1CECA52600C5A31D /* Build configuration list for PBXProject "DynamicTableCountries" */;
			compatibilityVersion = "Xcode 3.2";
			developmentRegion = English;
			hasScannedForEncodings = 0;
			knownRegions = (
				en,
				Base,
			);
			mainGroup = FAD14A6A1CECA52600C5A31D;
			productRefGroup = FAD14A741CECA52600C5A31D /* Products */;
			projectDirPath = "";
			projectRoot = "";
			targets = (
				FAD14A721CECA52600C5A31D /* DynamicTableCountries */,
				FAD14A861CECA52600C5A31D /* DynamicTableCountriesTests */,
				FAD14A911CECA52700C5A31D /* DynamicTableCountriesUITests */,
			);
		};
/* End PBXProject section */

/* Begin PBXResourcesBuildPhase section */
		FAD14A711CECA52600C5A31D /* Resources */ = {
			isa = PBXResourcesBuildPhase;
			buildActionMask = 2147483647;
			files = (
				FAD14A811CECA52600C5A31D /* LaunchScreen.storyboard in Resources */,
				FAD14A7E1CECA52600C5A31D /* Assets.xcassets in Resources */,
				FAD14A7C1CECA52600C5A31D /* Main.storyboard in Resources */,
			);
			runOnlyForDeploymentPostprocessing = 0;
		};
		FAD14A851CECA52600C5A31D /* Resources */ = {
			isa = PBXResourcesBuildPhase;
			buildActionMask = 2147483647;
			files = (
			);
			runOnlyForDeploymentPostprocessing = 0;
		};
		FAD14A901CECA52700C5A31D /* Resources */ = {
			isa = PBXResourcesBuildPhase;
			buildActionMask = 2147483647;
			files = (
			);
			runOnlyForDeploymentPostprocessing = 0;
		};
/* End PBXResourcesBuildPhase section */

/* Begin PBXSourcesBuildPhase section */
		FAD14A6F1CECA52600C5A31D /* Sources */ = {
			isa = PBXSourcesBuildPhase;
			buildActionMask = 2147483647;
			files = (
				FAD14AA51CECA65F00C5A31D /* CountriesTableViewController.swift in Sources */,
				FAD14A771CECA52600C5A31D /* AppDelegate.swift in Sources */,
			);
			runOnlyForDeploymentPostprocessing = 0;
		};
		FAD14A831CECA52600C5A31D /* Sources */ = {
			isa = PBXSourcesBuildPhase;
			buildActionMask = 2147483647;
			files = (
				FAD14A8C1CECA52600C5A31D /* DynamicTableCountriesTests.swift in Sources */,
			);
			runOnlyForDeploymentPostprocessing = 0;
		};
		FAD14A8E1CECA52700C5A31D /* Sources */ = {
			isa = PBXSourcesBuildPhase;
			buildActionMask = 2147483647;
			files = (
				FAD14A971CECA52700C5A31D /* DynamicTableCountriesUITests.swift in Sources */,
			);
			runOnlyForDeploymentPostprocessing = 0;
		};
/* End PBXSourcesBuildPhase section */

/* Begin PBXTargetDependency section */
		FAD14A891CECA52600C5A31D /* PBXTargetDependency */ = {
			isa = PBXTargetDependency;
			target = FAD14A721CECA52600C5A31D /* DynamicTableCountries */;
			targetProxy = FAD14A881CECA52600C5A31D /* PBXContainerItemProxy */;
		};
		FAD14A941CECA52700C5A31D /* PBXTargetDependency */ = {
			isa = PBXTargetDependency;
			target = FAD14A721CECA52600C5A31D /* DynamicTableCountries */;
			targetProxy = FAD14A931CECA52700C5A31D /* PBXContainerItemProxy */;
		};
/* End PBXTargetDependency section */

/* Begin PBXVariantGroup section */
		FAD14A7A1CECA52600C5A31D /* Main.storyboard */ = {
			isa = PBXVariantGroup;
			children = (
				FAD14A7B1CECA52600C5A31D /* Base */,
			);
			name = Main.storyboard;
			sourceTree = "<group>";
		};
		FAD14A7F1CECA52600C5A31D /* LaunchScreen.storyboard */ = {
			isa = PBXVariantGroup;
			children = (
				FAD14A801CECA52600C5A31D /* Base */,
			);
			name = LaunchScreen.storyboard;
			sourceTree = "<group>";
		};
/* End PBXVariantGroup section */

/* Begin XCBuildConfiguration section */
		FAD14A991CECA52700C5A31D /* Debug */ = {
			isa = XCBuildConfiguration;
			buildSettings = {
				ALWAYS_SEARCH_USER_PATHS = NO;
				CLANG_ANALYZER_NONNULL = YES;
				CLANG_CXX_LANGUAGE_STANDARD = "gnu++0x";
				CLANG_CXX_LIBRARY = "libc++";
				CLANG_ENABLE_MODULES = YES;
				CLANG_ENABLE_OBJC_ARC = YES;
				CLANG_WARN_BOOL_CONVERSION = YES;
				CLANG_WARN_CONSTANT_CONVERSION = YES;
				CLANG_WARN_DIRECT_OBJC_ISA_USAGE = YES_ERROR;
				CLANG_WARN_EMPTY_BODY = YES;
				CLANG_WARN_ENUM_CONVERSION = YES;
				CLANG_WARN_INT_CONVERSION = YES;
				CLANG_WARN_OBJC_ROOT_CLASS = YES_ERROR;
				CLANG_WARN_UNREACHABLE_CODE = YES;
				CLANG_WARN__DUPLICATE_METHOD_MATCH = YES;
				"CODE_SIGN_IDENTITY[sdk=iphoneos*]" = "iPhone Developer";
				COPY_PHASE_STRIP = NO;
				DEBUG_INFORMATION_FORMAT = dwarf;
				ENABLE_STRICT_OBJC_MSGSEND = YES;
				ENABLE_TESTABILITY = YES;
				GCC_C_LANGUAGE_STANDARD = gnu99;
				GCC_DYNAMIC_NO_PIC = NO;
				GCC_NO_COMMON_BLOCKS = YES;
				GCC_OPTIMIZATION_LEVEL = 0;
				GCC_PREPROCESSOR_DEFINITIONS = (
					"DEBUG=1",
					"$(inherited)",
				);
				GCC_WARN_64_TO_32_BIT_CONVERSION = YES;
				GCC_WARN_ABOUT_RETURN_TYPE = YES_ERROR;
				GCC_WARN_UNDECLARED_SELECTOR = YES;
				GCC_WARN_UNINITIALIZED_AUTOS = YES_AGGRESSIVE;
				GCC_WARN_UNUSED_FUNCTION = YES;
				GCC_WARN_UNUSED_VARIABLE = YES;
				IPHONEOS_DEPLOYMENT_TARGET = 9.3;
				MTL_ENABLE_DEBUG_INFO = YES;
				ONLY_ACTIVE_ARCH = YES;
				SDKROOT = iphoneos;
				SWIFT_OPTIMIZATION_LEVEL = "-Onone";
				TARGETED_DEVICE_FAMILY = "1,2";
			};
			name = Debug;
		};
		FAD14A9A1CECA52700C5A31D /* Release */ = {
			isa = XCBuildConfiguration;
			buildSettings = {
				ALWAYS_SEARCH_USER_PATHS = NO;
				CLANG_ANALYZER_NONNULL = YES;
				CLANG_CXX_LANGUAGE_STANDARD = "gnu++0x";
				CLANG_CXX_LIBRARY = "libc++";
				CLANG_ENABLE_MODULES = YES;
				CLANG_ENABLE_OBJC_ARC = YES;
				CLANG_WARN_BOOL_CONVERSION = YES;
				CLANG_WARN_CONSTANT_CONVERSION = YES;
				CLANG_WARN_DIRECT_OBJC_ISA_USAGE = YES_ERROR;
				CLANG_WARN_EMPTY_BODY = YES;
				CLANG_WARN_ENUM_CONVERSION = YES;
				CLANG_WARN_INT_CONVERSION = YES;
				CLANG_WARN_OBJC_ROOT_CLASS = YES_ERROR;
				CLANG_WARN_UNREACHABLE_CODE = YES;
				CLANG_WARN__DUPLICATE_METHOD_MATCH = YES;
				"CODE_SIGN_IDENTITY[sdk=iphoneos*]" = "iPhone Developer";
				COPY_PHASE_STRIP = NO;
				DEBUG_INFORMATION_FORMAT = "dwarf-with-dsym";
				ENABLE_NS_ASSERTIONS = NO;
				ENABLE_STRICT_OBJC_MSGSEND = YES;
				GCC_C_LANGUAGE_STANDARD = gnu99;
				GCC_NO_COMMON_BLOCKS = YES;
				GCC_WARN_64_TO_32_BIT_CONVERSION = YES;
				GCC_WARN_ABOUT_RETURN_TYPE = YES_ERROR;
				GCC_WARN_UNDECLARED_SELECTOR = YES;
				GCC_WARN_UNINITIALIZED_AUTOS = YES_AGGRESSIVE;
				GCC_WARN_UNUSED_FUNCTION = YES;
				GCC_WARN_UNUSED_VARIABLE = YES;
				IPHONEOS_DEPLOYMENT_TARGET = 9.3;
				MTL_ENABLE_DEBUG_INFO = NO;
				SDKROOT = iphoneos;
				TARGETED_DEVICE_FAMILY = "1,2";
				VALIDATE_PRODUCT = YES;
			};
			name = Release;
		};
		FAD14A9C1CECA52700C5A31D /* Debug */ = {
			isa = XCBuildConfiguration;
			buildSettings = {
				ASSETCATALOG_COMPILER_APPICON_NAME = AppIcon;
				INFOPLIST_FILE = DynamicTableCountries/Info.plist;
				LD_RUNPATH_SEARCH_PATHS = "$(inherited) @executable_path/Frameworks";
				PRODUCT_BUNDLE_IDENTIFIER = AlexV.DynamicTableCountries;
				PRODUCT_NAME = "$(TARGET_NAME)";
				TARGETED_DEVICE_FAMILY = 1;
			};
			name = Debug;
		};
		FAD14A9D1CECA52700C5A31D /* Release */ = {
			isa = XCBuildConfiguration;
			buildSettings = {
				ASSETCATALOG_COMPILER_APPICON_NAME = AppIcon;
				INFOPLIST_FILE = DynamicTableCountries/Info.plist;
				LD_RUNPATH_SEARCH_PATHS = "$(inherited) @executable_path/Frameworks";
				PRODUCT_BUNDLE_IDENTIFIER = AlexV.DynamicTableCountries;
				PRODUCT_NAME = "$(TARGET_NAME)";
				TARGETED_DEVICE_FAMILY = 1;
			};
			name = Release;
		};
		FAD14A9F1CECA52700C5A31D /* Debug */ = {
			isa = XCBuildConfiguration;
			buildSettings = {
				BUNDLE_LOADER = "$(TEST_HOST)";
				INFOPLIST_FILE = DynamicTableCountriesTests/Info.plist;
				LD_RUNPATH_SEARCH_PATHS = "$(inherited) @executable_path/Frameworks @loader_path/Frameworks";
				PRODUCT_BUNDLE_IDENTIFIER = AlexV.DynamicTableCountriesTests;
				PRODUCT_NAME = "$(TARGET_NAME)";
				TEST_HOST = "$(BUILT_PRODUCTS_DIR)/DynamicTableCountries.app/DynamicTableCountries";
			};
			name = Debug;
		};
		FAD14AA01CECA52700C5A31D /* Release */ = {
			isa = XCBuildConfiguration;
			buildSettings = {
				BUNDLE_LOADER = "$(TEST_HOST)";
				INFOPLIST_FILE = DynamicTableCountriesTests/Info.plist;
				LD_RUNPATH_SEARCH_PATHS = "$(inherited) @executable_path/Frameworks @loader_path/Frameworks";
				PRODUCT_BUNDLE_IDENTIFIER = AlexV.DynamicTableCountriesTests;
				PRODUCT_NAME = "$(TARGET_NAME)";
				TEST_HOST = "$(BUILT_PRODUCTS_DIR)/DynamicTableCountries.app/DynamicTableCountries";
			};
			name = Release;
		};
		FAD14AA21CECA52700C5A31D /* Debug */ = {
			isa = XCBuildConfiguration;
			buildSettings = {
				INFOPLIST_FILE = DynamicTableCountriesUITests/Info.plist;
				LD_RUNPATH_SEARCH_PATHS = "$(inherited) @executable_path/Frameworks @loader_path/Frameworks";
				PRODUCT_BUNDLE_IDENTIFIER = AlexV.DynamicTableCountriesUITests;
				PRODUCT_NAME = "$(TARGET_NAME)";
				TEST_TARGET_NAME = DynamicTableCountries;
			};
			name = Debug;
		};
		FAD14AA31CECA52700C5A31D /* Release */ = {
			isa = XCBuildConfiguration;
			buildSettings = {
				INFOPLIST_FILE = DynamicTableCountriesUITests/Info.plist;
				LD_RUNPATH_SEARCH_PATHS = "$(inherited) @executable_path/Frameworks @loader_path/Frameworks";
				PRODUCT_BUNDLE_IDENTIFIER = AlexV.DynamicTableCountriesUITests;
				PRODUCT_NAME = "$(TARGET_NAME)";
				TEST_TARGET_NAME = DynamicTableCountries;
			};
			name = Release;
		};
/* End XCBuildConfiguration section */

/* Begin XCConfigurationList section */
		FAD14A6E1CECA52600C5A31D /* Build configuration list for PBXProject "DynamicTableCountries" */ = {
			isa = XCConfigurationList;
			buildConfigurations = (
				FAD14A991CECA52700C5A31D /* Debug */,
				FAD14A9A1CECA52700C5A31D /* Release */,
			);
			defaultConfigurationIsVisible = 0;
			defaultConfigurationName = Release;
		};
		FAD14A9B1CECA52700C5A31D /* Build configuration list for PBXNativeTarget "DynamicTableCountries" */ = {
			isa = XCConfigurationList;
			buildConfigurations = (
				FAD14A9C1CECA52700C5A31D /* Debug */,
				FAD14A9D1CECA52700C5A31D /* Release */,
			);
			defaultConfigurationIsVisible = 0;
		};
		FAD14A9E1CECA52700C5A31D /* Build configuration list for PBXNativeTarget "DynamicTableCountriesTests" */ = {
			isa = XCConfigurationList;
			buildConfigurations = (
				FAD14A9F1CECA52700C5A31D /* Debug */,
				FAD14AA01CECA52700C5A31D /* Release */,
			);
			defaultConfigurationIsVisible = 0;
		};
		FAD14AA11CECA52700C5A31D /* Build configuration list for PBXNativeTarget "DynamicTableCountriesUITests" */ = {
			isa = XCConfigurationList;
			buildConfigurations = (
				FAD14AA21CECA52700C5A31D /* Debug */,
				FAD14AA31CECA52700C5A31D /* Release */,
			);
			defaultConfigurationIsVisible = 0;
		};
/* End XCConfigurationList section */
	};
	rootObject = FAD14A6B1CECA52600C5A31D /* Project object */;
}
