// !$*UTF8*$!
{
	archiveVersion = 1;
	classes = {
	};
	objectVersion = 46;
	objects = {

/* Begin PBXBuildFile section */
		4B7586A2D9EE82B8E7B887EA /* Pods_TestGitHubApi.framework in Frameworks */ = {isa = PBXBuildFile; fileRef = 2240694965E6A43ED2198CCB /* Pods_TestGitHubApi.framework */; };
		FAD3CD1120793A5B0055BA91 /* AppDelegate.swift in Sources */ = {isa = PBXBuildFile; fileRef = FAD3CD1020793A5B0055BA91 /* AppDelegate.swift */; };
		FAD3CD1320793A5B0055BA91 /* ViewController.swift in Sources */ = {isa = PBXBuildFile; fileRef = FAD3CD1220793A5B0055BA91 /* ViewController.swift */; };
		FAD3CD1620793A5B0055BA91 /* Main.storyboard in Resources */ = {isa = PBXBuildFile; fileRef = FAD3CD1420793A5B0055BA91 /* Main.storyboard */; };
		FAD3CD1920793A5B0055BA91 /* TestGitHubApi.xcdatamodeld in Sources */ = {isa = PBXBuildFile; fileRef = FAD3CD1720793A5B0055BA91 /* TestGitHubApi.xcdatamodeld */; };
		FAD3CD1B20793A5B0055BA91 /* Assets.xcassets in Resources */ = {isa = PBXBuildFile; fileRef = FAD3CD1A20793A5B0055BA91 /* Assets.xcassets */; };
		FAD3CD1E20793A5B0055BA91 /* LaunchScreen.storyboard in Resources */ = {isa = PBXBuildFile; fileRef = FAD3CD1C20793A5B0055BA91 /* LaunchScreen.storyboard */; };
/* End PBXBuildFile section */

/* Begin PBXFileReference section */
		2240694965E6A43ED2198CCB /* Pods_TestGitHubApi.framework */ = {isa = PBXFileReference; explicitFileType = wrapper.framework; includeInIndex = 0; path = Pods_TestGitHubApi.framework; sourceTree = BUILT_PRODUCTS_DIR; };
		320021DA5A6FC55D00FE5B2E /* Pods-TestGitHubApi.debug.xcconfig */ = {isa = PBXFileReference; includeInIndex = 1; lastKnownFileType = text.xcconfig; name = "Pods-TestGitHubApi.debug.xcconfig"; path = "Pods/Target Support Files/Pods-TestGitHubApi/Pods-TestGitHubApi.debug.xcconfig"; sourceTree = "<group>"; };
		BF951D5F192704A72A3327AE /* Pods-TestGitHubApi.release.xcconfig */ = {isa = PBXFileReference; includeInIndex = 1; lastKnownFileType = text.xcconfig; name = "Pods-TestGitHubApi.release.xcconfig"; path = "Pods/Target Support Files/Pods-TestGitHubApi/Pods-TestGitHubApi.release.xcconfig"; sourceTree = "<group>"; };
		FAD3CD0D20793A5B0055BA91 /* TestGitHubApi.app */ = {isa = PBXFileReference; explicitFileType = wrapper.application; includeInIndex = 0; path = TestGitHubApi.app; sourceTree = BUILT_PRODUCTS_DIR; };
		FAD3CD1020793A5B0055BA91 /* AppDelegate.swift */ = {isa = PBXFileReference; lastKnownFileType = sourcecode.swift; path = AppDelegate.swift; sourceTree = "<group>"; };
		FAD3CD1220793A5B0055BA91 /* ViewController.swift */ = {isa = PBXFileReference; lastKnownFileType = sourcecode.swift; path = ViewController.swift; sourceTree = "<group>"; };
		FAD3CD1520793A5B0055BA91 /* Base */ = {isa = PBXFileReference; lastKnownFileType = file.storyboard; name = Base; path = Base.lproj/Main.storyboard; sourceTree = "<group>"; };
		FAD3CD1820793A5B0055BA91 /* TestGitHubApi.xcdatamodel */ = {isa = PBXFileReference; lastKnownFileType = wrapper.xcdatamodel; path = TestGitHubApi.xcdatamodel; sourceTree = "<group>"; };
		FAD3CD1A20793A5B0055BA91 /* Assets.xcassets */ = {isa = PBXFileReference; lastKnownFileType = folder.assetcatalog; path = Assets.xcassets; sourceTree = "<group>"; };
		FAD3CD1D20793A5B0055BA91 /* Base */ = {isa = PBXFileReference; lastKnownFileType = file.storyboard; name = Base; path = Base.lproj/LaunchScreen.storyboard; sourceTree = "<group>"; };
		FAD3CD1F20793A5B0055BA91 /* Info.plist */ = {isa = PBXFileReference; lastKnownFileType = text.plist.xml; path = Info.plist; sourceTree = "<group>"; };
/* End PBXFileReference section */

/* Begin PBXFrameworksBuildPhase section */
		FAD3CD0A20793A5A0055BA91 /* Frameworks */ = {
			isa = PBXFrameworksBuildPhase;
			buildActionMask = 2147483647;
			files = (
				4B7586A2D9EE82B8E7B887EA /* Pods_TestGitHubApi.framework in Frameworks */,
			);
			runOnlyForDeploymentPostprocessing = 0;
		};
/* End PBXFrameworksBuildPhase section */

/* Begin PBXGroup section */
		1BC6DF5D9F9CABE3D62F9139 /* Frameworks */ = {
			isa = PBXGroup;
			children = (
				2240694965E6A43ED2198CCB /* Pods_TestGitHubApi.framework */,
			);
			name = Frameworks;
			sourceTree = "<group>";
		};
		BBCA300B4591C12F9087F2D1 /* Pods */ = {
			isa = PBXGroup;
			children = (
				320021DA5A6FC55D00FE5B2E /* Pods-TestGitHubApi.debug.xcconfig */,
				BF951D5F192704A72A3327AE /* Pods-TestGitHubApi.release.xcconfig */,
			);
			name = Pods;
			sourceTree = "<group>";
		};
		FAD3CD0420793A5A0055BA91 = {
			isa = PBXGroup;
			children = (
				FAD3CD0F20793A5B0055BA91 /* TestGitHubApi */,
				FAD3CD0E20793A5B0055BA91 /* Products */,
				BBCA300B4591C12F9087F2D1 /* Pods */,
				1BC6DF5D9F9CABE3D62F9139 /* Frameworks */,
			);
			sourceTree = "<group>";
		};
		FAD3CD0E20793A5B0055BA91 /* Products */ = {
			isa = PBXGroup;
			children = (
				FAD3CD0D20793A5B0055BA91 /* TestGitHubApi.app */,
			);
			name = Products;
			sourceTree = "<group>";
		};
		FAD3CD0F20793A5B0055BA91 /* TestGitHubApi */ = {
			isa = PBXGroup;
			children = (
				FAD3CD1020793A5B0055BA91 /* AppDelegate.swift */,
				FAD3CD1220793A5B0055BA91 /* ViewController.swift */,
				FAD3CD1420793A5B0055BA91 /* Main.storyboard */,
				FAD3CD1A20793A5B0055BA91 /* Assets.xcassets */,
				FAD3CD1C20793A5B0055BA91 /* LaunchScreen.storyboard */,
				FAD3CD1F20793A5B0055BA91 /* Info.plist */,
				FAD3CD1720793A5B0055BA91 /* TestGitHubApi.xcdatamodeld */,
			);
			path = TestGitHubApi;
			sourceTree = "<group>";
		};
/* End PBXGroup section */

/* Begin PBXNativeTarget section */
		FAD3CD0C20793A5A0055BA91 /* TestGitHubApi */ = {
			isa = PBXNativeTarget;
			buildConfigurationList = FAD3CD2220793A5B0055BA91 /* Build configuration list for PBXNativeTarget "TestGitHubApi" */;
			buildPhases = (
				06849EE2EAB6D87F8FA78414 /* [CP] Check Pods Manifest.lock */,
				FAD3CD0920793A5A0055BA91 /* Sources */,
				FAD3CD0A20793A5A0055BA91 /* Frameworks */,
				FAD3CD0B20793A5A0055BA91 /* Resources */,
				FC49485D76EA94E4E24B7B90 /* [CP] Embed Pods Frameworks */,
				93D64E9873C7E1084E9566A4 /* [CP] Copy Pods Resources */,
			);
			buildRules = (
			);
			dependencies = (
			);
			name = TestGitHubApi;
			productName = TestGitHubApi;
			productReference = FAD3CD0D20793A5B0055BA91 /* TestGitHubApi.app */;
			productType = "com.apple.product-type.application";
		};
/* End PBXNativeTarget section */

/* Begin PBXProject section */
		FAD3CD0520793A5A0055BA91 /* Project object */ = {
			isa = PBXProject;
			attributes = {
				LastSwiftUpdateCheck = 0820;
				LastUpgradeCheck = 0820;
				ORGANIZATIONNAME = "Alex Voronov";
				TargetAttributes = {
					FAD3CD0C20793A5A0055BA91 = {
						CreatedOnToolsVersion = 8.2.1;
						DevelopmentTeam = GHALJQTKL9;
						ProvisioningStyle = Automatic;
					};
				};
			};
			buildConfigurationList = FAD3CD0820793A5A0055BA91 /* Build configuration list for PBXProject "TestGitHubApi" */;
			compatibilityVersion = "Xcode 3.2";
			developmentRegion = English;
			hasScannedForEncodings = 0;
			knownRegions = (
				en,
				Base,
			);
			mainGroup = FAD3CD0420793A5A0055BA91;
			productRefGroup = FAD3CD0E20793A5B0055BA91 /* Products */;
			projectDirPath = "";
			projectRoot = "";
			targets = (
				FAD3CD0C20793A5A0055BA91 /* TestGitHubApi */,
			);
		};
/* End PBXProject section */

/* Begin PBXResourcesBuildPhase section */
		FAD3CD0B20793A5A0055BA91 /* Resources */ = {
			isa = PBXResourcesBuildPhase;
			buildActionMask = 2147483647;
			files = (
				FAD3CD1E20793A5B0055BA91 /* LaunchScreen.storyboard in Resources */,
				FAD3CD1B20793A5B0055BA91 /* Assets.xcassets in Resources */,
				FAD3CD1620793A5B0055BA91 /* Main.storyboard in Resources */,
			);
			runOnlyForDeploymentPostprocessing = 0;
		};
/* End PBXResourcesBuildPhase section */

/* Begin PBXShellScriptBuildPhase section */
		06849EE2EAB6D87F8FA78414 /* [CP] Check Pods Manifest.lock */ = {
			isa = PBXShellScriptBuildPhase;
			buildActionMask = 2147483647;
			files = (
			);
			inputPaths = (
			);
			name = "[CP] Check Pods Manifest.lock";
			outputPaths = (
			);
			runOnlyForDeploymentPostprocessing = 0;
			shellPath = /bin/sh;
			shellScript = "diff \"${PODS_PODFILE_DIR_PATH}/Podfile.lock\" \"${PODS_ROOT}/Manifest.lock\" > /dev/null\nif [ $? != 0 ] ; then\n    # print error to STDERR\n    echo \"error: The sandbox is not in sync with the Podfile.lock. Run 'pod install' or update your CocoaPods installation.\" >&2\n    exit 1\nfi\n";
			showEnvVarsInLog = 0;
		};
		93D64E9873C7E1084E9566A4 /* [CP] Copy Pods Resources */ = {
			isa = PBXShellScriptBuildPhase;
			buildActionMask = 2147483647;
			files = (
			);
			inputPaths = (
			);
			name = "[CP] Copy Pods Resources";
			outputPaths = (
			);
			runOnlyForDeploymentPostprocessing = 0;
			shellPath = /bin/sh;
			shellScript = "\"${SRCROOT}/Pods/Target Support Files/Pods-TestGitHubApi/Pods-TestGitHubApi-resources.sh\"\n";
			showEnvVarsInLog = 0;
		};
		FC49485D76EA94E4E24B7B90 /* [CP] Embed Pods Frameworks */ = {
			isa = PBXShellScriptBuildPhase;
			buildActionMask = 2147483647;
			files = (
			);
			inputPaths = (
			);
			name = "[CP] Embed Pods Frameworks";
			outputPaths = (
			);
			runOnlyForDeploymentPostprocessing = 0;
			shellPath = /bin/sh;
			shellScript = "\"${SRCROOT}/Pods/Target Support Files/Pods-TestGitHubApi/Pods-TestGitHubApi-frameworks.sh\"\n";
			showEnvVarsInLog = 0;
		};
/* End PBXShellScriptBuildPhase section */

/* Begin PBXSourcesBuildPhase section */
		FAD3CD0920793A5A0055BA91 /* Sources */ = {
			isa = PBXSourcesBuildPhase;
			buildActionMask = 2147483647;
			files = (
				FAD3CD1320793A5B0055BA91 /* ViewController.swift in Sources */,
				FAD3CD1120793A5B0055BA91 /* AppDelegate.swift in Sources */,
				FAD3CD1920793A5B0055BA91 /* TestGitHubApi.xcdatamodeld in Sources */,
			);
			runOnlyForDeploymentPostprocessing = 0;
		};
/* End PBXSourcesBuildPhase section */

/* Begin PBXVariantGroup section */
		FAD3CD1420793A5B0055BA91 /* Main.storyboard */ = {
			isa = PBXVariantGroup;
			children = (
				FAD3CD1520793A5B0055BA91 /* Base */,
			);
			name = Main.storyboard;
			sourceTree = "<group>";
		};
		FAD3CD1C20793A5B0055BA91 /* LaunchScreen.storyboard */ = {
			isa = PBXVariantGroup;
			children = (
				FAD3CD1D20793A5B0055BA91 /* Base */,
			);
			name = LaunchScreen.storyboard;
			sourceTree = "<group>";
		};
/* End PBXVariantGroup section */

/* Begin XCBuildConfiguration section */
		FAD3CD2020793A5B0055BA91 /* Debug */ = {
			isa = XCBuildConfiguration;
			buildSettings = {
				ALWAYS_SEARCH_USER_PATHS = NO;
				CLANG_ANALYZER_NONNULL = YES;
				CLANG_CXX_LANGUAGE_STANDARD = "gnu++0x";
				CLANG_CXX_LIBRARY = "libc++";
				CLANG_ENABLE_MODULES = YES;
				CLANG_ENABLE_OBJC_ARC = YES;
				CLANG_WARN_BOOL_CONVERSION = YES;
				CLANG_WARN_CONSTANT_CONVERSION = YES;
				CLANG_WARN_DIRECT_OBJC_ISA_USAGE = YES_ERROR;
				CLANG_WARN_DOCUMENTATION_COMMENTS = YES;
				CLANG_WARN_EMPTY_BODY = YES;
				CLANG_WARN_ENUM_CONVERSION = YES;
				CLANG_WARN_INFINITE_RECURSION = YES;
				CLANG_WARN_INT_CONVERSION = YES;
				CLANG_WARN_OBJC_ROOT_CLASS = YES_ERROR;
				CLANG_WARN_SUSPICIOUS_MOVE = YES;
				CLANG_WARN_UNREACHABLE_CODE = YES;
				CLANG_WARN__DUPLICATE_METHOD_MATCH = YES;
				"CODE_SIGN_IDENTITY[sdk=iphoneos*]" = "iPhone Developer";
				COPY_PHASE_STRIP = NO;
				DEBUG_INFORMATION_FORMAT = dwarf;
				ENABLE_STRICT_OBJC_MSGSEND = YES;
				ENABLE_TESTABILITY = YES;
				GCC_C_LANGUAGE_STANDARD = gnu99;
				GCC_DYNAMIC_NO_PIC = NO;
				GCC_NO_COMMON_BLOCKS = YES;
				GCC_OPTIMIZATION_LEVEL = 0;
				GCC_PREPROCESSOR_DEFINITIONS = (
					"DEBUG=1",
					"$(inherited)",
				);
				GCC_WARN_64_TO_32_BIT_CONVERSION = YES;
				GCC_WARN_ABOUT_RETURN_TYPE = YES_ERROR;
				GCC_WARN_UNDECLARED_SELECTOR = YES;
				GCC_WARN_UNINITIALIZED_AUTOS = YES_AGGRESSIVE;
				GCC_WARN_UNUSED_FUNCTION = YES;
				GCC_WARN_UNUSED_VARIABLE = YES;
				IPHONEOS_DEPLOYMENT_TARGET = 10.2;
				MTL_ENABLE_DEBUG_INFO = YES;
				ONLY_ACTIVE_ARCH = YES;
				SDKROOT = iphoneos;
				SWIFT_ACTIVE_COMPILATION_CONDITIONS = DEBUG;
				SWIFT_OPTIMIZATION_LEVEL = "-Onone";
				TARGETED_DEVICE_FAMILY = "1,2";
			};
			name = Debug;
		};
		FAD3CD2120793A5B0055BA91 /* Release */ = {
			isa = XCBuildConfiguration;
			buildSettings = {
				ALWAYS_SEARCH_USER_PATHS = NO;
				CLANG_ANALYZER_NONNULL = YES;
				CLANG_CXX_LANGUAGE_STANDARD = "gnu++0x";
				CLANG_CXX_LIBRARY = "libc++";
				CLANG_ENABLE_MODULES = YES;
				CLANG_ENABLE_OBJC_ARC = YES;
				CLANG_WARN_BOOL_CONVERSION = YES;
				CLANG_WARN_CONSTANT_CONVERSION = YES;
				CLANG_WARN_DIRECT_OBJC_ISA_USAGE = YES_ERROR;
				CLANG_WARN_DOCUMENTATION_COMMENTS = YES;
				CLANG_WARN_EMPTY_BODY = YES;
				CLANG_WARN_ENUM_CONVERSION = YES;
				CLANG_WARN_INFINITE_RECURSION = YES;
				CLANG_WARN_INT_CONVERSION = YES;
				CLANG_WARN_OBJC_ROOT_CLASS = YES_ERROR;
				CLANG_WARN_SUSPICIOUS_MOVE = YES;
				CLANG_WARN_UNREACHABLE_CODE = YES;
				CLANG_WARN__DUPLICATE_METHOD_MATCH = YES;
				"CODE_SIGN_IDENTITY[sdk=iphoneos*]" = "iPhone Developer";
				COPY_PHASE_STRIP = NO;
				DEBUG_INFORMATION_FORMAT = "dwarf-with-dsym";
				ENABLE_NS_ASSERTIONS = NO;
				ENABLE_STRICT_OBJC_MSGSEND = YES;
				GCC_C_LANGUAGE_STANDARD = gnu99;
				GCC_NO_COMMON_BLOCKS = YES;
				GCC_WARN_64_TO_32_BIT_CONVERSION = YES;
				GCC_WARN_ABOUT_RETURN_TYPE = YES_ERROR;
				GCC_WARN_UNDECLARED_SELECTOR = YES;
				GCC_WARN_UNINITIALIZED_AUTOS = YES_AGGRESSIVE;
				GCC_WARN_UNUSED_FUNCTION = YES;
				GCC_WARN_UNUSED_VARIABLE = YES;
				IPHONEOS_DEPLOYMENT_TARGET = 10.2;
				MTL_ENABLE_DEBUG_INFO = NO;
				SDKROOT = iphoneos;
				SWIFT_OPTIMIZATION_LEVEL = "-Owholemodule";
				TARGETED_DEVICE_FAMILY = "1,2";
				VALIDATE_PRODUCT = YES;
			};
			name = Release;
		};
		FAD3CD2320793A5B0055BA91 /* Debug */ = {
			isa = XCBuildConfiguration;
			baseConfigurationReference = 320021DA5A6FC55D00FE5B2E /* Pods-TestGitHubApi.debug.xcconfig */;
			buildSettings = {
				ASSETCATALOG_COMPILER_APPICON_NAME = AppIcon;
				DEVELOPMENT_TEAM = GHALJQTKL9;
				INFOPLIST_FILE = TestGitHubApi/Info.plist;
				LD_RUNPATH_SEARCH_PATHS = "$(inherited) @executable_path/Frameworks";
				PRODUCT_BUNDLE_IDENTIFIER = AlexV.TestGitHubApi;
				PRODUCT_NAME = "$(TARGET_NAME)";
				SWIFT_VERSION = 3.0;
			};
			name = Debug;
		};
		FAD3CD2420793A5B0055BA91 /* Release */ = {
			isa = XCBuildConfiguration;
			baseConfigurationReference = BF951D5F192704A72A3327AE /* Pods-TestGitHubApi.release.xcconfig */;
			buildSettings = {
				ASSETCATALOG_COMPILER_APPICON_NAME = AppIcon;
				DEVELOPMENT_TEAM = GHALJQTKL9;
				INFOPLIST_FILE = TestGitHubApi/Info.plist;
				LD_RUNPATH_SEARCH_PATHS = "$(inherited) @executable_path/Frameworks";
				PRODUCT_BUNDLE_IDENTIFIER = AlexV.TestGitHubApi;
				PRODUCT_NAME = "$(TARGET_NAME)";
				SWIFT_VERSION = 3.0;
			};
			name = Release;
		};
/* End XCBuildConfiguration section */

/* Begin XCConfigurationList section */
		FAD3CD0820793A5A0055BA91 /* Build configuration list for PBXProject "TestGitHubApi" */ = {
			isa = XCConfigurationList;
			buildConfigurations = (
				FAD3CD2020793A5B0055BA91 /* Debug */,
				FAD3CD2120793A5B0055BA91 /* Release */,
			);
			defaultConfigurationIsVisible = 0;
			defaultConfigurationName = Release;
		};
		FAD3CD2220793A5B0055BA91 /* Build configuration list for PBXNativeTarget "TestGitHubApi" */ = {
			isa = XCConfigurationList;
			buildConfigurations = (
				FAD3CD2320793A5B0055BA91 /* Debug */,
				FAD3CD2420793A5B0055BA91 /* Release */,
			);
			defaultConfigurationIsVisible = 0;
		};
/* End XCConfigurationList section */

/* Begin XCVersionGroup section */
		FAD3CD1720793A5B0055BA91 /* TestGitHubApi.xcdatamodeld */ = {
			isa = XCVersionGroup;
			children = (
				FAD3CD1820793A5B0055BA91 /* TestGitHubApi.xcdatamodel */,
			);
			currentVersion = FAD3CD1820793A5B0055BA91 /* TestGitHubApi.xcdatamodel */;
			path = TestGitHubApi.xcdatamodeld;
			sourceTree = "<group>";
			versionGroupType = wrapper.xcdatamodel;
		};
/* End XCVersionGroup section */
	};
	rootObject = FAD3CD0520793A5A0055BA91 /* Project object */;
}
