// !$*UTF8*$!
{
	archiveVersion = 1;
	classes = {
	};
	objectVersion = 46;
	objects = {

/* Begin PBXBuildFile section */
		FA8DEA481FBDE93800706755 /* AppDelegate.swift in Sources */ = {isa = PBXBuildFile; fileRef = FA8DEA471FBDE93800706755 /* AppDelegate.swift */; };
		FA8DEA4A1FBDE93800706755 /* ViewController.swift in Sources */ = {isa = PBXBuildFile; fileRef = FA8DEA491FBDE93800706755 /* ViewController.swift */; };
		FA8DEA4D1FBDE93800706755 /* Main.storyboard in Resources */ = {isa = PBXBuildFile; fileRef = FA8DEA4B1FBDE93800706755 /* Main.storyboard */; };
		FA8DEA4F1FBDE93800706755 /* Assets.xcassets in Resources */ = {isa = PBXBuildFile; fileRef = FA8DEA4E1FBDE93800706755 /* Assets.xcassets */; };
		FA8DEA521FBDE93800706755 /* LaunchScreen.storyboard in Resources */ = {isa = PBXBuildFile; fileRef = FA8DEA501FBDE93800706755 /* LaunchScreen.storyboard */; };
		FA8DEA5A1FBDE97700706755 /* SecondViewController.swift in Sources */ = {isa = PBXBuildFile; fileRef = FA8DEA591FBDE97700706755 /* SecondViewController.swift */; };
/* End PBXBuildFile section */

/* Begin PBXFileReference section */
		FA8DEA441FBDE93800706755 /* Delegate4.app */ = {isa = PBXFileReference; explicitFileType = wrapper.application; includeInIndex = 0; path = Delegate4.app; sourceTree = BUILT_PRODUCTS_DIR; };
		FA8DEA471FBDE93800706755 /* AppDelegate.swift */ = {isa = PBXFileReference; lastKnownFileType = sourcecode.swift; path = AppDelegate.swift; sourceTree = "<group>"; };
		FA8DEA491FBDE93800706755 /* ViewController.swift */ = {isa = PBXFileReference; lastKnownFileType = sourcecode.swift; path = ViewController.swift; sourceTree = "<group>"; };
		FA8DEA4C1FBDE93800706755 /* Base */ = {isa = PBXFileReference; lastKnownFileType = file.storyboard; name = Base; path = Base.lproj/Main.storyboard; sourceTree = "<group>"; };
		FA8DEA4E1FBDE93800706755 /* Assets.xcassets */ = {isa = PBXFileReference; lastKnownFileType = folder.assetcatalog; path = Assets.xcassets; sourceTree = "<group>"; };
		FA8DEA511FBDE93800706755 /* Base */ = {isa = PBXFileReference; lastKnownFileType = file.storyboard; name = Base; path = Base.lproj/LaunchScreen.storyboard; sourceTree = "<group>"; };
		FA8DEA531FBDE93900706755 /* Info.plist */ = {isa = PBXFileReference; lastKnownFileType = text.plist.xml; path = Info.plist; sourceTree = "<group>"; };
		FA8DEA591FBDE97700706755 /* SecondViewController.swift */ = {isa = PBXFileReference; fileEncoding = 4; lastKnownFileType = sourcecode.swift; path = SecondViewController.swift; sourceTree = "<group>"; };
/* End PBXFileReference section */

/* Begin PBXFrameworksBuildPhase section */
		FA8DEA411FBDE93800706755 /* Frameworks */ = {
			isa = PBXFrameworksBuildPhase;
			buildActionMask = 2147483647;
			files = (
			);
			runOnlyForDeploymentPostprocessing = 0;
		};
/* End PBXFrameworksBuildPhase section */

/* Begin PBXGroup section */
		FA8DEA3B1FBDE93800706755 = {
			isa = PBXGroup;
			children = (
				FA8DEA461FBDE93800706755 /* Delegate4 */,
				FA8DEA451FBDE93800706755 /* Products */,
			);
			sourceTree = "<group>";
		};
		FA8DEA451FBDE93800706755 /* Products */ = {
			isa = PBXGroup;
			children = (
				FA8DEA441FBDE93800706755 /* Delegate4.app */,
			);
			name = Products;
			sourceTree = "<group>";
		};
		FA8DEA461FBDE93800706755 /* Delegate4 */ = {
			isa = PBXGroup;
			children = (
				FA8DEA471FBDE93800706755 /* AppDelegate.swift */,
				FA8DEA491FBDE93800706755 /* ViewController.swift */,
				FA8DEA4B1FBDE93800706755 /* Main.storyboard */,
				FA8DEA591FBDE97700706755 /* SecondViewController.swift */,
				FA8DEA4E1FBDE93800706755 /* Assets.xcassets */,
				FA8DEA501FBDE93800706755 /* LaunchScreen.storyboard */,
				FA8DEA531FBDE93900706755 /* Info.plist */,
			);
			path = Delegate4;
			sourceTree = "<group>";
		};
/* End PBXGroup section */

/* Begin PBXNativeTarget section */
		FA8DEA431FBDE93800706755 /* Delegate4 */ = {
			isa = PBXNativeTarget;
			buildConfigurationList = FA8DEA561FBDE93900706755 /* Build configuration list for PBXNativeTarget "Delegate4" */;
			buildPhases = (
				FA8DEA401FBDE93800706755 /* Sources */,
				FA8DEA411FBDE93800706755 /* Frameworks */,
				FA8DEA421FBDE93800706755 /* Resources */,
			);
			buildRules = (
			);
			dependencies = (
			);
			name = Delegate4;
			productName = Delegate4;
			productReference = FA8DEA441FBDE93800706755 /* Delegate4.app */;
			productType = "com.apple.product-type.application";
		};
/* End PBXNativeTarget section */

/* Begin PBXProject section */
		FA8DEA3C1FBDE93800706755 /* Project object */ = {
			isa = PBXProject;
			attributes = {
				LastSwiftUpdateCheck = 0820;
				LastUpgradeCheck = 0820;
				ORGANIZATIONNAME = "Alex Voronov";
				TargetAttributes = {
					FA8DEA431FBDE93800706755 = {
						CreatedOnToolsVersion = 8.2.1;
						DevelopmentTeam = GHALJQTKL9;
						ProvisioningStyle = Automatic;
					};
				};
			};
			buildConfigurationList = FA8DEA3F1FBDE93800706755 /* Build configuration list for PBXProject "Delegate4" */;
			compatibilityVersion = "Xcode 3.2";
			developmentRegion = English;
			hasScannedForEncodings = 0;
			knownRegions = (
				en,
				Base,
			);
			mainGroup = FA8DEA3B1FBDE93800706755;
			productRefGroup = FA8DEA451FBDE93800706755 /* Products */;
			projectDirPath = "";
			projectRoot = "";
			targets = (
				FA8DEA431FBDE93800706755 /* Delegate4 */,
			);
		};
/* End PBXProject section */

/* Begin PBXResourcesBuildPhase section */
		FA8DEA421FBDE93800706755 /* Resources */ = {
			isa = PBXResourcesBuildPhase;
			buildActionMask = 2147483647;
			files = (
				FA8DEA521FBDE93800706755 /* LaunchScreen.storyboard in Resources */,
				FA8DEA4F1FBDE93800706755 /* Assets.xcassets in Resources */,
				FA8DEA4D1FBDE93800706755 /* Main.storyboard in Resources */,
			);
			runOnlyForDeploymentPostprocessing = 0;
		};
/* End PBXResourcesBuildPhase section */

/* Begin PBXSourcesBuildPhase section */
		FA8DEA401FBDE93800706755 /* Sources */ = {
			isa = PBXSourcesBuildPhase;
			buildActionMask = 2147483647;
			files = (
				FA8DEA5A1FBDE97700706755 /* SecondViewController.swift in Sources */,
				FA8DEA4A1FBDE93800706755 /* ViewController.swift in Sources */,
				FA8DEA481FBDE93800706755 /* AppDelegate.swift in Sources */,
			);
			runOnlyForDeploymentPostprocessing = 0;
		};
/* End PBXSourcesBuildPhase section */

/* Begin PBXVariantGroup section */
		FA8DEA4B1FBDE93800706755 /* Main.storyboard */ = {
			isa = PBXVariantGroup;
			children = (
				FA8DEA4C1FBDE93800706755 /* Base */,
			);
			name = Main.storyboard;
			sourceTree = "<group>";
		};
		FA8DEA501FBDE93800706755 /* LaunchScreen.storyboard */ = {
			isa = PBXVariantGroup;
			children = (
				FA8DEA511FBDE93800706755 /* Base */,
			);
			name = LaunchScreen.storyboard;
			sourceTree = "<group>";
		};
/* End PBXVariantGroup section */

/* Begin XCBuildConfiguration section */
		FA8DEA541FBDE93900706755 /* Debug */ = {
			isa = XCBuildConfiguration;
			buildSettings = {
				ALWAYS_SEARCH_USER_PATHS = NO;
				CLANG_ANALYZER_NONNULL = YES;
				CLANG_CXX_LANGUAGE_STANDARD = "gnu++0x";
				CLANG_CXX_LIBRARY = "libc++";
				CLANG_ENABLE_MODULES = YES;
				CLANG_ENABLE_OBJC_ARC = YES;
				CLANG_WARN_BOOL_CONVERSION = YES;
				CLANG_WARN_CONSTANT_CONVERSION = YES;
				CLANG_WARN_DIRECT_OBJC_ISA_USAGE = YES_ERROR;
				CLANG_WARN_DOCUMENTATION_COMMENTS = YES;
				CLANG_WARN_EMPTY_BODY = YES;
				CLANG_WARN_ENUM_CONVERSION = YES;
				CLANG_WARN_INFINITE_RECURSION = YES;
				CLANG_WARN_INT_CONVERSION = YES;
				CLANG_WARN_OBJC_ROOT_CLASS = YES_ERROR;
				CLANG_WARN_SUSPICIOUS_MOVE = YES;
				CLANG_WARN_UNREACHABLE_CODE = YES;
				CLANG_WARN__DUPLICATE_METHOD_MATCH = YES;
				"CODE_SIGN_IDENTITY[sdk=iphoneos*]" = "iPhone Developer";
				COPY_PHASE_STRIP = NO;
				DEBUG_INFORMATION_FORMAT = dwarf;
				ENABLE_STRICT_OBJC_MSGSEND = YES;
				ENABLE_TESTABILITY = YES;
				GCC_C_LANGUAGE_STANDARD = gnu99;
				GCC_DYNAMIC_NO_PIC = NO;
				GCC_NO_COMMON_BLOCKS = YES;
				GCC_OPTIMIZATION_LEVEL = 0;
				GCC_PREPROCESSOR_DEFINITIONS = (
					"DEBUG=1",
					"$(inherited)",
				);
				GCC_WARN_64_TO_32_BIT_CONVERSION = YES;
				GCC_WARN_ABOUT_RETURN_TYPE = YES_ERROR;
				GCC_WARN_UNDECLARED_SELECTOR = YES;
				GCC_WARN_UNINITIALIZED_AUTOS = YES_AGGRESSIVE;
				GCC_WARN_UNUSED_FUNCTION = YES;
				GCC_WARN_UNUSED_VARIABLE = YES;
				IPHONEOS_DEPLOYMENT_TARGET = 10.2;
				MTL_ENABLE_DEBUG_INFO = YES;
				ONLY_ACTIVE_ARCH = YES;
				SDKROOT = iphoneos;
				SWIFT_ACTIVE_COMPILATION_CONDITIONS = DEBUG;
				SWIFT_OPTIMIZATION_LEVEL = "-Onone";
				TARGETED_DEVICE_FAMILY = "1,2";
			};
			name = Debug;
		};
		FA8DEA551FBDE93900706755 /* Release */ = {
			isa = XCBuildConfiguration;
			buildSettings = {
				ALWAYS_SEARCH_USER_PATHS = NO;
				CLANG_ANALYZER_NONNULL = YES;
				CLANG_CXX_LANGUAGE_STANDARD = "gnu++0x";
				CLANG_CXX_LIBRARY = "libc++";
				CLANG_ENABLE_MODULES = YES;
				CLANG_ENABLE_OBJC_ARC = YES;
				CLANG_WARN_BOOL_CONVERSION = YES;
				CLANG_WARN_CONSTANT_CONVERSION = YES;
				CLANG_WARN_DIRECT_OBJC_ISA_USAGE = YES_ERROR;
				CLANG_WARN_DOCUMENTATION_COMMENTS = YES;
				CLANG_WARN_EMPTY_BODY = YES;
				CLANG_WARN_ENUM_CONVERSION = YES;
				CLANG_WARN_INFINITE_RECURSION = YES;
				CLANG_WARN_INT_CONVERSION = YES;
				CLANG_WARN_OBJC_ROOT_CLASS = YES_ERROR;
				CLANG_WARN_SUSPICIOUS_MOVE = YES;
				CLANG_WARN_UNREACHABLE_CODE = YES;
				CLANG_WARN__DUPLICATE_METHOD_MATCH = YES;
				"CODE_SIGN_IDENTITY[sdk=iphoneos*]" = "iPhone Developer";
				COPY_PHASE_STRIP = NO;
				DEBUG_INFORMATION_FORMAT = "dwarf-with-dsym";
				ENABLE_NS_ASSERTIONS = NO;
				ENABLE_STRICT_OBJC_MSGSEND = YES;
				GCC_C_LANGUAGE_STANDARD = gnu99;
				GCC_NO_COMMON_BLOCKS = YES;
				GCC_WARN_64_TO_32_BIT_CONVERSION = YES;
				GCC_WARN_ABOUT_RETURN_TYPE = YES_ERROR;
				GCC_WARN_UNDECLARED_SELECTOR = YES;
				GCC_WARN_UNINITIALIZED_AUTOS = YES_AGGRESSIVE;
				GCC_WARN_UNUSED_FUNCTION = YES;
				GCC_WARN_UNUSED_VARIABLE = YES;
				IPHONEOS_DEPLOYMENT_TARGET = 10.2;
				MTL_ENABLE_DEBUG_INFO = NO;
				SDKROOT = iphoneos;
				SWIFT_OPTIMIZATION_LEVEL = "-Owholemodule";
				TARGETED_DEVICE_FAMILY = "1,2";
				VALIDATE_PRODUCT = YES;
			};
			name = Release;
		};
		FA8DEA571FBDE93900706755 /* Debug */ = {
			isa = XCBuildConfiguration;
			buildSettings = {
				ASSETCATALOG_COMPILER_APPICON_NAME = AppIcon;
				DEVELOPMENT_TEAM = GHALJQTKL9;
				INFOPLIST_FILE = Delegate4/Info.plist;
				LD_RUNPATH_SEARCH_PATHS = "$(inherited) @executable_path/Frameworks";
				PRODUCT_BUNDLE_IDENTIFIER = AlexV.Delegate4;
				PRODUCT_NAME = "$(TARGET_NAME)";
				SWIFT_VERSION = 3.0;
			};
			name = Debug;
		};
		FA8DEA581FBDE93900706755 /* Release */ = {
			isa = XCBuildConfiguration;
			buildSettings = {
				ASSETCATALOG_COMPILER_APPICON_NAME = AppIcon;
				DEVELOPMENT_TEAM = GHALJQTKL9;
				INFOPLIST_FILE = Delegate4/Info.plist;
				LD_RUNPATH_SEARCH_PATHS = "$(inherited) @executable_path/Frameworks";
				PRODUCT_BUNDLE_IDENTIFIER = AlexV.Delegate4;
				PRODUCT_NAME = "$(TARGET_NAME)";
				SWIFT_VERSION = 3.0;
			};
			name = Release;
		};
/* End XCBuildConfiguration section */

/* Begin XCConfigurationList section */
		FA8DEA3F1FBDE93800706755 /* Build configuration list for PBXProject "Delegate4" */ = {
			isa = XCConfigurationList;
			buildConfigurations = (
				FA8DEA541FBDE93900706755 /* Debug */,
				FA8DEA551FBDE93900706755 /* Release */,
			);
			defaultConfigurationIsVisible = 0;
			defaultConfigurationName = Release;
		};
		FA8DEA561FBDE93900706755 /* Build configuration list for PBXNativeTarget "Delegate4" */ = {
			isa = XCConfigurationList;
			buildConfigurations = (
				FA8DEA571FBDE93900706755 /* Debug */,
				FA8DEA581FBDE93900706755 /* Release */,
			);
			defaultConfigurationIsVisible = 0;
		};
/* End XCConfigurationList section */
	};
	rootObject = FA8DEA3C1FBDE93800706755 /* Project object */;
}
